// !$*UTF8*$!
{
	archiveVersion = 1;
	classes = {
	};
	objectVersion = 50;
	objects = {

/* Begin PBXBuildFile section */
		500A8D8F213700F90094C7B4 /* NSFileCoordinator_CreateMethod_NormOp_tests.swift in Sources */ = {isa = PBXBuildFile; fileRef = 500A8D8E213700F90094C7B4 /* NSFileCoordinator_CreateMethod_NormOp_tests.swift */; };
		500A8D90213700F90094C7B4 /* NSFileCoordinator_CreateMethod_NormOp_tests.swift in Sources */ = {isa = PBXBuildFile; fileRef = 500A8D8E213700F90094C7B4 /* NSFileCoordinator_CreateMethod_NormOp_tests.swift */; };
		500A8D9221374F140094C7B4 /* NSFileCoordinator_ReadMethod_NormOp_tests.swift in Sources */ = {isa = PBXBuildFile; fileRef = 500A8D9121374F140094C7B4 /* NSFileCoordinator_ReadMethod_NormOp_tests.swift */; };
		500A8D9321374F140094C7B4 /* NSFileCoordinator_ReadMethod_NormOp_tests.swift in Sources */ = {isa = PBXBuildFile; fileRef = 500A8D9121374F140094C7B4 /* NSFileCoordinator_ReadMethod_NormOp_tests.swift */; };
		500A8D95213759940094C7B4 /* NSFileCoordinator_ContentSort_NormOp_tests.swift in Sources */ = {isa = PBXBuildFile; fileRef = 500A8D94213759940094C7B4 /* NSFileCoordinator_ContentSort_NormOp_tests.swift */; };
		500A8D96213759940094C7B4 /* NSFileCoordinator_ContentSort_NormOp_tests.swift in Sources */ = {isa = PBXBuildFile; fileRef = 500A8D94213759940094C7B4 /* NSFileCoordinator_ContentSort_NormOp_tests.swift */; };
		500A8D9821376A370094C7B4 /* NSFileCoordinator_ComparableContentSort_NormOp_tests.swift in Sources */ = {isa = PBXBuildFile; fileRef = 500A8D9721376A370094C7B4 /* NSFileCoordinator_ComparableContentSort_NormOp_tests.swift */; };
		500A8D9921376A370094C7B4 /* NSFileCoordinator_ComparableContentSort_NormOp_tests.swift in Sources */ = {isa = PBXBuildFile; fileRef = 500A8D9721376A370094C7B4 /* NSFileCoordinator_ComparableContentSort_NormOp_tests.swift */; };
		500A8D9B21376D730094C7B4 /* NSFileCoordinator_ContentFilter_NormOp_tests.swift in Sources */ = {isa = PBXBuildFile; fileRef = 500A8D9A21376D730094C7B4 /* NSFileCoordinator_ContentFilter_NormOp_tests.swift */; };
		500A8D9C21376D730094C7B4 /* NSFileCoordinator_ContentFilter_NormOp_tests.swift in Sources */ = {isa = PBXBuildFile; fileRef = 500A8D9A21376D730094C7B4 /* NSFileCoordinator_ContentFilter_NormOp_tests.swift */; };
		506CC3F02135A952008A1D70 /* JSBFSDirectory_InitNilParameter_tests.m in Sources */ = {isa = PBXBuildFile; fileRef = 506CC3EF2135A952008A1D70 /* JSBFSDirectory_InitNilParameter_tests.m */; };
		506CC3F12135A952008A1D70 /* JSBFSDirectory_InitNilParameter_tests.m in Sources */ = {isa = PBXBuildFile; fileRef = 506CC3EF2135A952008A1D70 /* JSBFSDirectory_InitNilParameter_tests.m */; };
		506CC3F32135B100008A1D70 /* JSBFSDirectory_MethodNilParameter_tests.m in Sources */ = {isa = PBXBuildFile; fileRef = 506CC3F22135B100008A1D70 /* JSBFSDirectory_MethodNilParameter_tests.m */; };
		506CC3F42135B100008A1D70 /* JSBFSDirectory_MethodNilParameter_tests.m in Sources */ = {isa = PBXBuildFile; fileRef = 506CC3F22135B100008A1D70 /* JSBFSDirectory_MethodNilParameter_tests.m */; };
		506CC3F62135B9DE008A1D70 /* JSBFSObservedDirectory_MethodNilParameter_tests.m in Sources */ = {isa = PBXBuildFile; fileRef = 506CC3F52135B9DE008A1D70 /* JSBFSObservedDirectory_MethodNilParameter_tests.m */; };
		506CC3F72135B9DE008A1D70 /* JSBFSObservedDirectory_MethodNilParameter_tests.m in Sources */ = {isa = PBXBuildFile; fileRef = 506CC3F52135B9DE008A1D70 /* JSBFSObservedDirectory_MethodNilParameter_tests.m */; };
		506CC3FA2135BBD4008A1D70 /* JSBFSObservedDirectory_InitNilParameter_tests.m in Sources */ = {isa = PBXBuildFile; fileRef = 506CC3F92135BBD4008A1D70 /* JSBFSObservedDirectory_InitNilParameter_tests.m */; };
		506CC3FB2135BBD4008A1D70 /* JSBFSObservedDirectory_InitNilParameter_tests.m in Sources */ = {isa = PBXBuildFile; fileRef = 506CC3F92135BBD4008A1D70 /* JSBFSObservedDirectory_InitNilParameter_tests.m */; };
		506CC3FD2135F8E0008A1D70 /* JSBFSDirectory_InitErrorPropogation_tests.swift in Sources */ = {isa = PBXBuildFile; fileRef = 506CC3FC2135F8E0008A1D70 /* JSBFSDirectory_InitErrorPropogation_tests.swift */; };
		506CC3FE2135F8E0008A1D70 /* JSBFSDirectory_InitErrorPropogation_tests.swift in Sources */ = {isa = PBXBuildFile; fileRef = 506CC3FC2135F8E0008A1D70 /* JSBFSDirectory_InitErrorPropogation_tests.swift */; };
		506CC4002135FEC2008A1D70 /* JSBFSDirectory_MethodErrorPropogation_tests.swift in Sources */ = {isa = PBXBuildFile; fileRef = 506CC3FF2135FEC2008A1D70 /* JSBFSDirectory_MethodErrorPropogation_tests.swift */; };
		506CC4012135FEC2008A1D70 /* JSBFSDirectory_MethodErrorPropogation_tests.swift in Sources */ = {isa = PBXBuildFile; fileRef = 506CC3FF2135FEC2008A1D70 /* JSBFSDirectory_MethodErrorPropogation_tests.swift */; };
		506CC40321360299008A1D70 /* JSBFSObservedDirectory_MethodErrorPropogation_tests.swift in Sources */ = {isa = PBXBuildFile; fileRef = 506CC40221360299008A1D70 /* JSBFSObservedDirectory_MethodErrorPropogation_tests.swift */; };
		506CC40421360299008A1D70 /* JSBFSObservedDirectory_MethodErrorPropogation_tests.swift in Sources */ = {isa = PBXBuildFile; fileRef = 506CC40221360299008A1D70 /* JSBFSObservedDirectory_MethodErrorPropogation_tests.swift */; };
		506D736E2134D30000E83EB2 /* NSFileCoordinator_ErrorPropogation_tests.swift in Sources */ = {isa = PBXBuildFile; fileRef = 506D736B2134D2DE00E83EB2 /* NSFileCoordinator_ErrorPropogation_tests.swift */; };
		506D736F2134D30100E83EB2 /* NSFileCoordinator_ErrorPropogation_tests.swift in Sources */ = {isa = PBXBuildFile; fileRef = 506D736B2134D2DE00E83EB2 /* NSFileCoordinator_ErrorPropogation_tests.swift */; };
		50AD03FE2112218F00C0C88D /* FileWrapperTestImage.png in Resources */ = {isa = PBXBuildFile; fileRef = 50AD03FD2112218F00C0C88D /* FileWrapperTestImage.png */; };
		50AD03FF2112218F00C0C88D /* FileWrapperTestImage.png in Resources */ = {isa = PBXBuildFile; fileRef = 50AD03FD2112218F00C0C88D /* FileWrapperTestImage.png */; };
		50C5D83B2110B3D800A2B21E /* JSBFilesystem.framework in Frameworks */ = {isa = PBXBuildFile; fileRef = 50C5D8312110B3D700A2B21E /* JSBFilesystem.framework */; };
		50C5D8572110B3F000A2B21E /* JSBFilesystem.framework in Frameworks */ = {isa = PBXBuildFile; fileRef = 50C5D84E2110B3F000A2B21E /* JSBFilesystem.framework */; };
		50C5D8752110B57300A2B21E /* JSBFSFileComparison.h in Headers */ = {isa = PBXBuildFile; fileRef = 50C5D8672110B57200A2B21E /* JSBFSFileComparison.h */; settings = {ATTRIBUTES = (Public, ); }; };
		50C5D8762110B57300A2B21E /* JSBFSFileComparison.h in Headers */ = {isa = PBXBuildFile; fileRef = 50C5D8672110B57200A2B21E /* JSBFSFileComparison.h */; settings = {ATTRIBUTES = (Public, ); }; };
		50C5D8772110B57300A2B21E /* NSFileCoordinator+JSBFS.m in Sources */ = {isa = PBXBuildFile; fileRef = 50C5D8682110B57200A2B21E /* NSFileCoordinator+JSBFS.m */; };
		50C5D8782110B57300A2B21E /* NSFileCoordinator+JSBFS.m in Sources */ = {isa = PBXBuildFile; fileRef = 50C5D8682110B57200A2B21E /* NSFileCoordinator+JSBFS.m */; };
		50C5D8792110B57300A2B21E /* JSBFSDirectory.h in Headers */ = {isa = PBXBuildFile; fileRef = 50C5D8692110B57200A2B21E /* JSBFSDirectory.h */; settings = {ATTRIBUTES = (Public, ); }; };
		50C5D87A2110B57300A2B21E /* JSBFSDirectory.h in Headers */ = {isa = PBXBuildFile; fileRef = 50C5D8692110B57200A2B21E /* JSBFSDirectory.h */; settings = {ATTRIBUTES = (Public, ); }; };
		50C5D87B2110B57300A2B21E /* JSBFSDirectoryChanges.h in Headers */ = {isa = PBXBuildFile; fileRef = 50C5D86A2110B57200A2B21E /* JSBFSDirectoryChanges.h */; settings = {ATTRIBUTES = (Public, ); }; };
		50C5D87C2110B57300A2B21E /* JSBFSDirectoryChanges.h in Headers */ = {isa = PBXBuildFile; fileRef = 50C5D86A2110B57200A2B21E /* JSBFSDirectoryChanges.h */; settings = {ATTRIBUTES = (Public, ); }; };
		50C5D87D2110B57300A2B21E /* JSBFSObservedDirectory.h in Headers */ = {isa = PBXBuildFile; fileRef = 50C5D86B2110B57200A2B21E /* JSBFSObservedDirectory.h */; settings = {ATTRIBUTES = (Public, ); }; };
		50C5D87E2110B57300A2B21E /* JSBFSObservedDirectory.h in Headers */ = {isa = PBXBuildFile; fileRef = 50C5D86B2110B57200A2B21E /* JSBFSObservedDirectory.h */; settings = {ATTRIBUTES = (Public, ); }; };
		50C5D87F2110B57300A2B21E /* JSBFSDirectoryChanges.m in Sources */ = {isa = PBXBuildFile; fileRef = 50C5D86C2110B57200A2B21E /* JSBFSDirectoryChanges.m */; };
		50C5D8802110B57300A2B21E /* JSBFSDirectoryChanges.m in Sources */ = {isa = PBXBuildFile; fileRef = 50C5D86C2110B57200A2B21E /* JSBFSDirectoryChanges.m */; };
		50C5D8812110B57300A2B21E /* JSBFSObservedDirectory.m in Sources */ = {isa = PBXBuildFile; fileRef = 50C5D86D2110B57200A2B21E /* JSBFSObservedDirectory.m */; };
		50C5D8822110B57300A2B21E /* JSBFSObservedDirectory.m in Sources */ = {isa = PBXBuildFile; fileRef = 50C5D86D2110B57200A2B21E /* JSBFSObservedDirectory.m */; };
		50C5D8832110B57300A2B21E /* SmallCategories.h in Headers */ = {isa = PBXBuildFile; fileRef = 50C5D86E2110B57200A2B21E /* SmallCategories.h */; settings = {ATTRIBUTES = (Public, ); }; };
		50C5D8842110B57300A2B21E /* SmallCategories.h in Headers */ = {isa = PBXBuildFile; fileRef = 50C5D86E2110B57200A2B21E /* SmallCategories.h */; settings = {ATTRIBUTES = (Public, ); }; };
		50C5D8852110B57300A2B21E /* JSBFSDirectory.m in Sources */ = {isa = PBXBuildFile; fileRef = 50C5D86F2110B57200A2B21E /* JSBFSDirectory.m */; };
		50C5D8862110B57300A2B21E /* JSBFSDirectory.m in Sources */ = {isa = PBXBuildFile; fileRef = 50C5D86F2110B57200A2B21E /* JSBFSDirectory.m */; };
		50C5D8892110B57300A2B21E /* NSFileCoordinator+JSBFS.h in Headers */ = {isa = PBXBuildFile; fileRef = 50C5D8712110B57200A2B21E /* NSFileCoordinator+JSBFS.h */; settings = {ATTRIBUTES = (Public, ); }; };
		50C5D88A2110B57300A2B21E /* NSFileCoordinator+JSBFS.h in Headers */ = {isa = PBXBuildFile; fileRef = 50C5D8712110B57200A2B21E /* NSFileCoordinator+JSBFS.h */; settings = {ATTRIBUTES = (Public, ); }; };
		50C5D88D2110B57300A2B21E /* SmallCategories.m in Sources */ = {isa = PBXBuildFile; fileRef = 50C5D8732110B57200A2B21E /* SmallCategories.m */; };
		50C5D88E2110B57300A2B21E /* SmallCategories.m in Sources */ = {isa = PBXBuildFile; fileRef = 50C5D8732110B57200A2B21E /* SmallCategories.m */; };
		50C5D88F2110B57300A2B21E /* JSBFSFileComparison.m in Sources */ = {isa = PBXBuildFile; fileRef = 50C5D8742110B57300A2B21E /* JSBFSFileComparison.m */; };
		50C5D8902110B57300A2B21E /* JSBFSFileComparison.m in Sources */ = {isa = PBXBuildFile; fileRef = 50C5D8742110B57300A2B21E /* JSBFSFileComparison.m */; };
		50C5D8942110B5A100A2B21E /* Directory_Tests.swift in Sources */ = {isa = PBXBuildFile; fileRef = 50C5D8932110B59D00A2B21E /* Directory_Tests.swift */; };
		50C5D8952110B5A100A2B21E /* DirectoryObserver_Tests.swift in Sources */ = {isa = PBXBuildFile; fileRef = 50C5D8922110B59D00A2B21E /* DirectoryObserver_Tests.swift */; };
		50C5D8962110B5A100A2B21E /* NSFileCoordinator+Easy_Tests.swift in Sources */ = {isa = PBXBuildFile; fileRef = 50C5D8912110B59D00A2B21E /* NSFileCoordinator+Easy_Tests.swift */; };
		50C5D8972110B5A200A2B21E /* Directory_Tests.swift in Sources */ = {isa = PBXBuildFile; fileRef = 50C5D8932110B59D00A2B21E /* Directory_Tests.swift */; };
		50C5D8982110B5A200A2B21E /* DirectoryObserver_Tests.swift in Sources */ = {isa = PBXBuildFile; fileRef = 50C5D8922110B59D00A2B21E /* DirectoryObserver_Tests.swift */; };
		50C5D8992110B5A200A2B21E /* NSFileCoordinator+Easy_Tests.swift in Sources */ = {isa = PBXBuildFile; fileRef = 50C5D8912110B59D00A2B21E /* NSFileCoordinator+Easy_Tests.swift */; };
		50C5D89B2110B85200A2B21E /* JSBFilesystem.h in Headers */ = {isa = PBXBuildFile; fileRef = 50C5D89A2110B85200A2B21E /* JSBFilesystem.h */; settings = {ATTRIBUTES = (Public, ); }; };
		50C5D89C2110B85200A2B21E /* JSBFilesystem.h in Headers */ = {isa = PBXBuildFile; fileRef = 50C5D89A2110B85200A2B21E /* JSBFilesystem.h */; settings = {ATTRIBUTES = (Public, ); }; };
		50C5D8A42110C10C00A2B21E /* AppDelegate.swift in Sources */ = {isa = PBXBuildFile; fileRef = 50C5D8A32110C10C00A2B21E /* AppDelegate.swift */; };
		50C5D8AB2110C10E00A2B21E /* Assets.xcassets in Resources */ = {isa = PBXBuildFile; fileRef = 50C5D8AA2110C10E00A2B21E /* Assets.xcassets */; };
		50C5D8AE2110C10E00A2B21E /* LaunchScreen.storyboard in Resources */ = {isa = PBXBuildFile; fileRef = 50C5D8AC2110C10E00A2B21E /* LaunchScreen.storyboard */; };
		50C5D8B42110C18B00A2B21E /* ListTableViewController.swift in Sources */ = {isa = PBXBuildFile; fileRef = 50C5D8B32110C18B00A2B21E /* ListTableViewController.swift */; };
		50C5D8B72110C30B00A2B21E /* JSBFilesystem.framework in Frameworks */ = {isa = PBXBuildFile; fileRef = 50C5D84E2110B3F000A2B21E /* JSBFilesystem.framework */; };
		50C5D8B82110C30B00A2B21E /* JSBFilesystem.framework in Embed Frameworks */ = {isa = PBXBuildFile; fileRef = 50C5D84E2110B3F000A2B21E /* JSBFilesystem.framework */; settings = {ATTRIBUTES = (CodeSignOnCopy, RemoveHeadersOnCopy, ); }; };
		50C98CBE2134BB42008313DE /* NSFileCoordinator_NilParameter_tests.m in Sources */ = {isa = PBXBuildFile; fileRef = 50C98CBD2134BB42008313DE /* NSFileCoordinator_NilParameter_tests.m */; };
		50C98CBF2134BB42008313DE /* NSFileCoordinator_NilParameter_tests.m in Sources */ = {isa = PBXBuildFile; fileRef = 50C98CBD2134BB42008313DE /* NSFileCoordinator_NilParameter_tests.m */; };
		50FC33092133636700FA0BC6 /* SmallTypes.h in Headers */ = {isa = PBXBuildFile; fileRef = 50FC33072133636700FA0BC6 /* SmallTypes.h */; settings = {ATTRIBUTES = (Public, ); }; };
		50FC330A2133636700FA0BC6 /* SmallTypes.h in Headers */ = {isa = PBXBuildFile; fileRef = 50FC33072133636700FA0BC6 /* SmallTypes.h */; settings = {ATTRIBUTES = (Public, ); }; };
		50FC330B2133636700FA0BC6 /* SmallTypes.m in Sources */ = {isa = PBXBuildFile; fileRef = 50FC33082133636700FA0BC6 /* SmallTypes.m */; };
		50FC330C2133636700FA0BC6 /* SmallTypes.m in Sources */ = {isa = PBXBuildFile; fileRef = 50FC33082133636700FA0BC6 /* SmallTypes.m */; };
		50FC330F2133726B00FA0BC6 /* NSErrors.h in Headers */ = {isa = PBXBuildFile; fileRef = 50FC330D2133726B00FA0BC6 /* NSErrors.h */; settings = {ATTRIBUTES = (Public, ); }; };
		50FC33102133726B00FA0BC6 /* NSErrors.h in Headers */ = {isa = PBXBuildFile; fileRef = 50FC330D2133726B00FA0BC6 /* NSErrors.h */; settings = {ATTRIBUTES = (Public, ); }; };
		50FC33112133726B00FA0BC6 /* NSErrors.m in Sources */ = {isa = PBXBuildFile; fileRef = 50FC330E2133726B00FA0BC6 /* NSErrors.m */; };
		50FC33122133726B00FA0BC6 /* NSErrors.m in Sources */ = {isa = PBXBuildFile; fileRef = 50FC330E2133726B00FA0BC6 /* NSErrors.m */; };
		5F879FC2271838C6F71D3EA4 /* Pods_JSBFilesystem_macOSTests.framework in Frameworks */ = {isa = PBXBuildFile; fileRef = 8B08995D943B066DA503B0AE /* Pods_JSBFilesystem_macOSTests.framework */; };
		6C2471B0BDCE9DEF30AEEE74 /* Pods_JSBFilesystem_iOS.framework in Frameworks */ = {isa = PBXBuildFile; fileRef = F879CF00676C3085E1EEC829 /* Pods_JSBFilesystem_iOS.framework */; };
		7D5DC693D5F4192337C3D193 /* Pods_JSBFilesystem_iOSTests.framework in Frameworks */ = {isa = PBXBuildFile; fileRef = BF97E44A2B6EA8FC5EA8E08B /* Pods_JSBFilesystem_iOSTests.framework */; };
		80D220F24A5AC91259EF829F /* Pods_JSBFilesystem_macOS.framework in Frameworks */ = {isa = PBXBuildFile; fileRef = 0CE89C957CF6CF483A0DC6FA /* Pods_JSBFilesystem_macOS.framework */; };
		BFB4E2006A6E3881907C623B /* Pods_JSBFilesystem_sample_app.framework in Frameworks */ = {isa = PBXBuildFile; fileRef = EF26C3C69836BE5D52641AEC /* Pods_JSBFilesystem_sample_app.framework */; };
/* End PBXBuildFile section */

/* Begin PBXContainerItemProxy section */
		50C5D83C2110B3D800A2B21E /* PBXContainerItemProxy */ = {
			isa = PBXContainerItemProxy;
			containerPortal = 50C5D8262110B3B700A2B21E /* Project object */;
			proxyType = 1;
			remoteGlobalIDString = 50C5D8302110B3D700A2B21E;
			remoteInfo = JSBFilesystem_macOS;
		};
		50C5D8582110B3F000A2B21E /* PBXContainerItemProxy */ = {
			isa = PBXContainerItemProxy;
			containerPortal = 50C5D8262110B3B700A2B21E /* Project object */;
			proxyType = 1;
			remoteGlobalIDString = 50C5D84D2110B3F000A2B21E;
			remoteInfo = JSBFilesystem_iOS;
		};
		50C5D8B52110C2FF00A2B21E /* PBXContainerItemProxy */ = {
			isa = PBXContainerItemProxy;
			containerPortal = 50C5D8262110B3B700A2B21E /* Project object */;
			proxyType = 1;
			remoteGlobalIDString = 50C5D84D2110B3F000A2B21E;
			remoteInfo = JSBFilesystem_iOS;
		};
/* End PBXContainerItemProxy section */

/* Begin PBXCopyFilesBuildPhase section */
		50C5D8B92110C30B00A2B21E /* Embed Frameworks */ = {
			isa = PBXCopyFilesBuildPhase;
			buildActionMask = 2147483647;
			dstPath = "";
			dstSubfolderSpec = 10;
			files = (
				50C5D8B82110C30B00A2B21E /* JSBFilesystem.framework in Embed Frameworks */,
			);
			name = "Embed Frameworks";
			runOnlyForDeploymentPostprocessing = 0;
		};
/* End PBXCopyFilesBuildPhase section */

/* Begin PBXFileReference section */
		0CE89C957CF6CF483A0DC6FA /* Pods_JSBFilesystem_macOS.framework */ = {isa = PBXFileReference; explicitFileType = wrapper.framework; includeInIndex = 0; path = Pods_JSBFilesystem_macOS.framework; sourceTree = BUILT_PRODUCTS_DIR; };
		1E41E0F0924344DAB0EB0EDD /* Pods-JSBFilesystem_macOS.release.xcconfig */ = {isa = PBXFileReference; includeInIndex = 1; lastKnownFileType = text.xcconfig; name = "Pods-JSBFilesystem_macOS.release.xcconfig"; path = "Pods/Target Support Files/Pods-JSBFilesystem_macOS/Pods-JSBFilesystem_macOS.release.xcconfig"; sourceTree = "<group>"; };
		38463B70BFE62FBCD17EA35A /* Pods-JSBFilesystem_iOSTests.release.xcconfig */ = {isa = PBXFileReference; includeInIndex = 1; lastKnownFileType = text.xcconfig; name = "Pods-JSBFilesystem_iOSTests.release.xcconfig"; path = "Pods/Target Support Files/Pods-JSBFilesystem_iOSTests/Pods-JSBFilesystem_iOSTests.release.xcconfig"; sourceTree = "<group>"; };
		500A8D8E213700F90094C7B4 /* NSFileCoordinator_CreateMethod_NormOp_tests.swift */ = {isa = PBXFileReference; lastKnownFileType = sourcecode.swift; path = NSFileCoordinator_CreateMethod_NormOp_tests.swift; sourceTree = "<group>"; };
		500A8D9121374F140094C7B4 /* NSFileCoordinator_ReadMethod_NormOp_tests.swift */ = {isa = PBXFileReference; lastKnownFileType = sourcecode.swift; path = NSFileCoordinator_ReadMethod_NormOp_tests.swift; sourceTree = "<group>"; };
		500A8D94213759940094C7B4 /* NSFileCoordinator_ContentSort_NormOp_tests.swift */ = {isa = PBXFileReference; lastKnownFileType = sourcecode.swift; path = NSFileCoordinator_ContentSort_NormOp_tests.swift; sourceTree = "<group>"; };
		500A8D9721376A370094C7B4 /* NSFileCoordinator_ComparableContentSort_NormOp_tests.swift */ = {isa = PBXFileReference; lastKnownFileType = sourcecode.swift; path = NSFileCoordinator_ComparableContentSort_NormOp_tests.swift; sourceTree = "<group>"; };
		500A8D9A21376D730094C7B4 /* NSFileCoordinator_ContentFilter_NormOp_tests.swift */ = {isa = PBXFileReference; lastKnownFileType = sourcecode.swift; path = NSFileCoordinator_ContentFilter_NormOp_tests.swift; sourceTree = "<group>"; };
		506CC3EF2135A952008A1D70 /* JSBFSDirectory_InitNilParameter_tests.m */ = {isa = PBXFileReference; lastKnownFileType = sourcecode.c.objc; path = JSBFSDirectory_InitNilParameter_tests.m; sourceTree = "<group>"; };
		506CC3F22135B100008A1D70 /* JSBFSDirectory_MethodNilParameter_tests.m */ = {isa = PBXFileReference; lastKnownFileType = sourcecode.c.objc; path = JSBFSDirectory_MethodNilParameter_tests.m; sourceTree = "<group>"; };
		506CC3F52135B9DE008A1D70 /* JSBFSObservedDirectory_MethodNilParameter_tests.m */ = {isa = PBXFileReference; lastKnownFileType = sourcecode.c.objc; path = JSBFSObservedDirectory_MethodNilParameter_tests.m; sourceTree = "<group>"; };
		506CC3F82135BA47008A1D70 /* JSBFSDirectory_MethodNilParameter_tests.h */ = {isa = PBXFileReference; lastKnownFileType = sourcecode.c.h; path = JSBFSDirectory_MethodNilParameter_tests.h; sourceTree = "<group>"; };
		506CC3F92135BBD4008A1D70 /* JSBFSObservedDirectory_InitNilParameter_tests.m */ = {isa = PBXFileReference; lastKnownFileType = sourcecode.c.objc; path = JSBFSObservedDirectory_InitNilParameter_tests.m; sourceTree = "<group>"; };
		506CC3FC2135F8E0008A1D70 /* JSBFSDirectory_InitErrorPropogation_tests.swift */ = {isa = PBXFileReference; lastKnownFileType = sourcecode.swift; path = JSBFSDirectory_InitErrorPropogation_tests.swift; sourceTree = "<group>"; };
		506CC3FF2135FEC2008A1D70 /* JSBFSDirectory_MethodErrorPropogation_tests.swift */ = {isa = PBXFileReference; lastKnownFileType = sourcecode.swift; path = JSBFSDirectory_MethodErrorPropogation_tests.swift; sourceTree = "<group>"; };
		506CC40221360299008A1D70 /* JSBFSObservedDirectory_MethodErrorPropogation_tests.swift */ = {isa = PBXFileReference; lastKnownFileType = sourcecode.swift; path = JSBFSObservedDirectory_MethodErrorPropogation_tests.swift; sourceTree = "<group>"; };
		506D736B2134D2DE00E83EB2 /* NSFileCoordinator_ErrorPropogation_tests.swift */ = {isa = PBXFileReference; lastKnownFileType = sourcecode.swift; path = NSFileCoordinator_ErrorPropogation_tests.swift; sourceTree = "<group>"; };
		50AD03FD2112218F00C0C88D /* FileWrapperTestImage.png */ = {isa = PBXFileReference; lastKnownFileType = image.png; path = FileWrapperTestImage.png; sourceTree = "<group>"; };
		50C5D8312110B3D700A2B21E /* JSBFilesystem.framework */ = {isa = PBXFileReference; explicitFileType = wrapper.framework; includeInIndex = 0; path = JSBFilesystem.framework; sourceTree = BUILT_PRODUCTS_DIR; };
		50C5D8352110B3D700A2B21E /* Info.plist */ = {isa = PBXFileReference; lastKnownFileType = text.plist.xml; path = Info.plist; sourceTree = "<group>"; };
		50C5D83A2110B3D800A2B21E /* JSBFilesystem_macOSTests.xctest */ = {isa = PBXFileReference; explicitFileType = wrapper.cfbundle; includeInIndex = 0; path = JSBFilesystem_macOSTests.xctest; sourceTree = BUILT_PRODUCTS_DIR; };
		50C5D8412110B3D800A2B21E /* Info.plist */ = {isa = PBXFileReference; lastKnownFileType = text.plist.xml; path = Info.plist; sourceTree = "<group>"; };
		50C5D84E2110B3F000A2B21E /* JSBFilesystem.framework */ = {isa = PBXFileReference; explicitFileType = wrapper.framework; includeInIndex = 0; path = JSBFilesystem.framework; sourceTree = BUILT_PRODUCTS_DIR; };
		50C5D8512110B3F000A2B21E /* Info.plist */ = {isa = PBXFileReference; lastKnownFileType = text.plist.xml; path = Info.plist; sourceTree = "<group>"; };
		50C5D8562110B3F000A2B21E /* JSBFilesystem_iOSTests.xctest */ = {isa = PBXFileReference; explicitFileType = wrapper.cfbundle; includeInIndex = 0; path = JSBFilesystem_iOSTests.xctest; sourceTree = BUILT_PRODUCTS_DIR; };
		50C5D85D2110B3F000A2B21E /* Info.plist */ = {isa = PBXFileReference; lastKnownFileType = text.plist.xml; path = Info.plist; sourceTree = "<group>"; };
		50C5D8672110B57200A2B21E /* JSBFSFileComparison.h */ = {isa = PBXFileReference; fileEncoding = 4; lastKnownFileType = sourcecode.c.h; path = JSBFSFileComparison.h; sourceTree = "<group>"; };
		50C5D8682110B57200A2B21E /* NSFileCoordinator+JSBFS.m */ = {isa = PBXFileReference; fileEncoding = 4; lastKnownFileType = sourcecode.c.objc; path = "NSFileCoordinator+JSBFS.m"; sourceTree = "<group>"; };
		50C5D8692110B57200A2B21E /* JSBFSDirectory.h */ = {isa = PBXFileReference; fileEncoding = 4; lastKnownFileType = sourcecode.c.h; path = JSBFSDirectory.h; sourceTree = "<group>"; };
		50C5D86A2110B57200A2B21E /* JSBFSDirectoryChanges.h */ = {isa = PBXFileReference; fileEncoding = 4; lastKnownFileType = sourcecode.c.h; path = JSBFSDirectoryChanges.h; sourceTree = "<group>"; };
		50C5D86B2110B57200A2B21E /* JSBFSObservedDirectory.h */ = {isa = PBXFileReference; fileEncoding = 4; lastKnownFileType = sourcecode.c.h; path = JSBFSObservedDirectory.h; sourceTree = "<group>"; };
		50C5D86C2110B57200A2B21E /* JSBFSDirectoryChanges.m */ = {isa = PBXFileReference; fileEncoding = 4; lastKnownFileType = sourcecode.c.objc; path = JSBFSDirectoryChanges.m; sourceTree = "<group>"; };
		50C5D86D2110B57200A2B21E /* JSBFSObservedDirectory.m */ = {isa = PBXFileReference; fileEncoding = 4; lastKnownFileType = sourcecode.c.objc; path = JSBFSObservedDirectory.m; sourceTree = "<group>"; };
		50C5D86E2110B57200A2B21E /* SmallCategories.h */ = {isa = PBXFileReference; fileEncoding = 4; lastKnownFileType = sourcecode.c.h; path = SmallCategories.h; sourceTree = "<group>"; };
		50C5D86F2110B57200A2B21E /* JSBFSDirectory.m */ = {isa = PBXFileReference; fileEncoding = 4; lastKnownFileType = sourcecode.c.objc; path = JSBFSDirectory.m; sourceTree = "<group>"; };
		50C5D8712110B57200A2B21E /* NSFileCoordinator+JSBFS.h */ = {isa = PBXFileReference; fileEncoding = 4; lastKnownFileType = sourcecode.c.h; path = "NSFileCoordinator+JSBFS.h"; sourceTree = "<group>"; };
		50C5D8732110B57200A2B21E /* SmallCategories.m */ = {isa = PBXFileReference; fileEncoding = 4; lastKnownFileType = sourcecode.c.objc; path = SmallCategories.m; sourceTree = "<group>"; };
		50C5D8742110B57300A2B21E /* JSBFSFileComparison.m */ = {isa = PBXFileReference; fileEncoding = 4; lastKnownFileType = sourcecode.c.objc; path = JSBFSFileComparison.m; sourceTree = "<group>"; };
		50C5D8912110B59D00A2B21E /* NSFileCoordinator+Easy_Tests.swift */ = {isa = PBXFileReference; lastKnownFileType = sourcecode.swift; path = "NSFileCoordinator+Easy_Tests.swift"; sourceTree = "<group>"; };
		50C5D8922110B59D00A2B21E /* DirectoryObserver_Tests.swift */ = {isa = PBXFileReference; lastKnownFileType = sourcecode.swift; path = DirectoryObserver_Tests.swift; sourceTree = "<group>"; };
		50C5D8932110B59D00A2B21E /* Directory_Tests.swift */ = {isa = PBXFileReference; lastKnownFileType = sourcecode.swift; path = Directory_Tests.swift; sourceTree = "<group>"; };
		50C5D89A2110B85200A2B21E /* JSBFilesystem.h */ = {isa = PBXFileReference; lastKnownFileType = sourcecode.c.h; path = JSBFilesystem.h; sourceTree = "<group>"; };
		50C5D8A12110C10C00A2B21E /* JSBFilesystem_sample_app.app */ = {isa = PBXFileReference; explicitFileType = wrapper.application; includeInIndex = 0; path = JSBFilesystem_sample_app.app; sourceTree = BUILT_PRODUCTS_DIR; };
		50C5D8A32110C10C00A2B21E /* AppDelegate.swift */ = {isa = PBXFileReference; lastKnownFileType = sourcecode.swift; path = AppDelegate.swift; sourceTree = "<group>"; };
		50C5D8AA2110C10E00A2B21E /* Assets.xcassets */ = {isa = PBXFileReference; lastKnownFileType = folder.assetcatalog; path = Assets.xcassets; sourceTree = "<group>"; };
		50C5D8AD2110C10E00A2B21E /* Base */ = {isa = PBXFileReference; lastKnownFileType = file.storyboard; name = Base; path = Base.lproj/LaunchScreen.storyboard; sourceTree = "<group>"; };
		50C5D8AF2110C10E00A2B21E /* Info.plist */ = {isa = PBXFileReference; lastKnownFileType = text.plist.xml; path = Info.plist; sourceTree = "<group>"; };
		50C5D8B32110C18B00A2B21E /* ListTableViewController.swift */ = {isa = PBXFileReference; lastKnownFileType = sourcecode.swift; path = ListTableViewController.swift; sourceTree = "<group>"; };
		50C98CBB2134BB41008313DE /* JSBFilesystem_macOSTests-Bridging-Header.h */ = {isa = PBXFileReference; lastKnownFileType = sourcecode.c.h; path = "JSBFilesystem_macOSTests-Bridging-Header.h"; sourceTree = "<group>"; };
		50C98CBC2134BB42008313DE /* JSBFilesystem_iOSTests-Bridging-Header.h */ = {isa = PBXFileReference; lastKnownFileType = sourcecode.c.h; path = "JSBFilesystem_iOSTests-Bridging-Header.h"; sourceTree = "<group>"; };
		50C98CBD2134BB42008313DE /* NSFileCoordinator_NilParameter_tests.m */ = {isa = PBXFileReference; lastKnownFileType = sourcecode.c.objc; path = NSFileCoordinator_NilParameter_tests.m; sourceTree = "<group>"; };
		50FC33072133636700FA0BC6 /* SmallTypes.h */ = {isa = PBXFileReference; lastKnownFileType = sourcecode.c.h; path = SmallTypes.h; sourceTree = "<group>"; };
		50FC33082133636700FA0BC6 /* SmallTypes.m */ = {isa = PBXFileReference; lastKnownFileType = sourcecode.c.objc; path = SmallTypes.m; sourceTree = "<group>"; };
		50FC330D2133726B00FA0BC6 /* NSErrors.h */ = {isa = PBXFileReference; lastKnownFileType = sourcecode.c.h; path = NSErrors.h; sourceTree = "<group>"; };
		50FC330E2133726B00FA0BC6 /* NSErrors.m */ = {isa = PBXFileReference; lastKnownFileType = sourcecode.c.objc; path = NSErrors.m; sourceTree = "<group>"; };
		65D4B3B06FB43C8E0B939B3C /* Pods-JSBFilesystem_iOSTests.debug.xcconfig */ = {isa = PBXFileReference; includeInIndex = 1; lastKnownFileType = text.xcconfig; name = "Pods-JSBFilesystem_iOSTests.debug.xcconfig"; path = "Pods/Target Support Files/Pods-JSBFilesystem_iOSTests/Pods-JSBFilesystem_iOSTests.debug.xcconfig"; sourceTree = "<group>"; };
		699AB61DFC6D00EE7B3E6172 /* Pods-JSBFilesystem_macOSTests.release.xcconfig */ = {isa = PBXFileReference; includeInIndex = 1; lastKnownFileType = text.xcconfig; name = "Pods-JSBFilesystem_macOSTests.release.xcconfig"; path = "Pods/Target Support Files/Pods-JSBFilesystem_macOSTests/Pods-JSBFilesystem_macOSTests.release.xcconfig"; sourceTree = "<group>"; };
		7627DF88759B53B31A275B9F /* Pods-JSBFilesystem_sample_app.release.xcconfig */ = {isa = PBXFileReference; includeInIndex = 1; lastKnownFileType = text.xcconfig; name = "Pods-JSBFilesystem_sample_app.release.xcconfig"; path = "Pods/Target Support Files/Pods-JSBFilesystem_sample_app/Pods-JSBFilesystem_sample_app.release.xcconfig"; sourceTree = "<group>"; };
		8B08995D943B066DA503B0AE /* Pods_JSBFilesystem_macOSTests.framework */ = {isa = PBXFileReference; explicitFileType = wrapper.framework; includeInIndex = 0; path = Pods_JSBFilesystem_macOSTests.framework; sourceTree = BUILT_PRODUCTS_DIR; };
		91ABD297086D06E71643AF61 /* Pods-JSBFilesystem_iOS.release.xcconfig */ = {isa = PBXFileReference; includeInIndex = 1; lastKnownFileType = text.xcconfig; name = "Pods-JSBFilesystem_iOS.release.xcconfig"; path = "Pods/Target Support Files/Pods-JSBFilesystem_iOS/Pods-JSBFilesystem_iOS.release.xcconfig"; sourceTree = "<group>"; };
		9BB3F2CB3CED1E98171A1E0F /* Pods-JSBFilesystem_macOS.debug.xcconfig */ = {isa = PBXFileReference; includeInIndex = 1; lastKnownFileType = text.xcconfig; name = "Pods-JSBFilesystem_macOS.debug.xcconfig"; path = "Pods/Target Support Files/Pods-JSBFilesystem_macOS/Pods-JSBFilesystem_macOS.debug.xcconfig"; sourceTree = "<group>"; };
		A770F4FCC1AFC60927AD9A46 /* Pods-JSBFilesystem_macOSTests.debug.xcconfig */ = {isa = PBXFileReference; includeInIndex = 1; lastKnownFileType = text.xcconfig; name = "Pods-JSBFilesystem_macOSTests.debug.xcconfig"; path = "Pods/Target Support Files/Pods-JSBFilesystem_macOSTests/Pods-JSBFilesystem_macOSTests.debug.xcconfig"; sourceTree = "<group>"; };
		BF97E44A2B6EA8FC5EA8E08B /* Pods_JSBFilesystem_iOSTests.framework */ = {isa = PBXFileReference; explicitFileType = wrapper.framework; includeInIndex = 0; path = Pods_JSBFilesystem_iOSTests.framework; sourceTree = BUILT_PRODUCTS_DIR; };
		D4DDE76AA408D81D840907E4 /* Pods-JSBFilesystem_sample_app.debug.xcconfig */ = {isa = PBXFileReference; includeInIndex = 1; lastKnownFileType = text.xcconfig; name = "Pods-JSBFilesystem_sample_app.debug.xcconfig"; path = "Pods/Target Support Files/Pods-JSBFilesystem_sample_app/Pods-JSBFilesystem_sample_app.debug.xcconfig"; sourceTree = "<group>"; };
		E0B31D8E22FE75B7701AFC8F /* Pods-JSBFilesystem_iOS.debug.xcconfig */ = {isa = PBXFileReference; includeInIndex = 1; lastKnownFileType = text.xcconfig; name = "Pods-JSBFilesystem_iOS.debug.xcconfig"; path = "Pods/Target Support Files/Pods-JSBFilesystem_iOS/Pods-JSBFilesystem_iOS.debug.xcconfig"; sourceTree = "<group>"; };
		EF26C3C69836BE5D52641AEC /* Pods_JSBFilesystem_sample_app.framework */ = {isa = PBXFileReference; explicitFileType = wrapper.framework; includeInIndex = 0; path = Pods_JSBFilesystem_sample_app.framework; sourceTree = BUILT_PRODUCTS_DIR; };
		F879CF00676C3085E1EEC829 /* Pods_JSBFilesystem_iOS.framework */ = {isa = PBXFileReference; explicitFileType = wrapper.framework; includeInIndex = 0; path = Pods_JSBFilesystem_iOS.framework; sourceTree = BUILT_PRODUCTS_DIR; };
/* End PBXFileReference section */

/* Begin PBXFrameworksBuildPhase section */
		50C5D82D2110B3D700A2B21E /* Frameworks */ = {
			isa = PBXFrameworksBuildPhase;
			buildActionMask = 2147483647;
			files = (
				80D220F24A5AC91259EF829F /* Pods_JSBFilesystem_macOS.framework in Frameworks */,
			);
			runOnlyForDeploymentPostprocessing = 0;
		};
		50C5D8372110B3D800A2B21E /* Frameworks */ = {
			isa = PBXFrameworksBuildPhase;
			buildActionMask = 2147483647;
			files = (
				50C5D83B2110B3D800A2B21E /* JSBFilesystem.framework in Frameworks */,
				5F879FC2271838C6F71D3EA4 /* Pods_JSBFilesystem_macOSTests.framework in Frameworks */,
			);
			runOnlyForDeploymentPostprocessing = 0;
		};
		50C5D84A2110B3F000A2B21E /* Frameworks */ = {
			isa = PBXFrameworksBuildPhase;
			buildActionMask = 2147483647;
			files = (
				6C2471B0BDCE9DEF30AEEE74 /* Pods_JSBFilesystem_iOS.framework in Frameworks */,
			);
			runOnlyForDeploymentPostprocessing = 0;
		};
		50C5D8532110B3F000A2B21E /* Frameworks */ = {
			isa = PBXFrameworksBuildPhase;
			buildActionMask = 2147483647;
			files = (
				50C5D8572110B3F000A2B21E /* JSBFilesystem.framework in Frameworks */,
				7D5DC693D5F4192337C3D193 /* Pods_JSBFilesystem_iOSTests.framework in Frameworks */,
			);
			runOnlyForDeploymentPostprocessing = 0;
		};
		50C5D89E2110C10C00A2B21E /* Frameworks */ = {
			isa = PBXFrameworksBuildPhase;
			buildActionMask = 2147483647;
			files = (
				50C5D8B72110C30B00A2B21E /* JSBFilesystem.framework in Frameworks */,
				BFB4E2006A6E3881907C623B /* Pods_JSBFilesystem_sample_app.framework in Frameworks */,
			);
			runOnlyForDeploymentPostprocessing = 0;
		};
/* End PBXFrameworksBuildPhase section */

/* Begin PBXGroup section */
		09FCD45DA7A4A049140ABB71 /* Frameworks */ = {
			isa = PBXGroup;
			children = (
				F879CF00676C3085E1EEC829 /* Pods_JSBFilesystem_iOS.framework */,
				BF97E44A2B6EA8FC5EA8E08B /* Pods_JSBFilesystem_iOSTests.framework */,
				0CE89C957CF6CF483A0DC6FA /* Pods_JSBFilesystem_macOS.framework */,
				8B08995D943B066DA503B0AE /* Pods_JSBFilesystem_macOSTests.framework */,
				EF26C3C69836BE5D52641AEC /* Pods_JSBFilesystem_sample_app.framework */,
			);
			name = Frameworks;
			sourceTree = "<group>";
		};
		500A8D8D213700A80094C7B4 /* Normal_Operation_tests */ = {
			isa = PBXGroup;
			children = (
				500A8D8E213700F90094C7B4 /* NSFileCoordinator_CreateMethod_NormOp_tests.swift */,
				500A8D9121374F140094C7B4 /* NSFileCoordinator_ReadMethod_NormOp_tests.swift */,
				500A8D94213759940094C7B4 /* NSFileCoordinator_ContentSort_NormOp_tests.swift */,
				500A8D9721376A370094C7B4 /* NSFileCoordinator_ComparableContentSort_NormOp_tests.swift */,
				500A8D9A21376D730094C7B4 /* NSFileCoordinator_ContentFilter_NormOp_tests.swift */,
			);
			path = Normal_Operation_tests;
			sourceTree = "<group>";
		};
		50C5D8252110B3B700A2B21E = {
			isa = PBXGroup;
			children = (
				50C5D8A22110C10C00A2B21E /* JSBFilesystem_sample_app */,
				50C5D8652110B3F800A2B21E /* JSBFilesystem_shared */,
				50C5D8662110B49400A2B21E /* JSBFielsystem_shared_tests */,
				50C5D8332110B3D700A2B21E /* JSBFilesystem_macOS */,
				50C5D84F2110B3F000A2B21E /* JSBFilesystem_iOS */,
				50C5D83E2110B3D800A2B21E /* JSBFilesystem_macOSTests */,
				50C5D85A2110B3F000A2B21E /* JSBFilesystem_iOSTests */,
				50C5D8322110B3D700A2B21E /* Products */,
				A30D0EFCC06D5616FC7C249E /* Pods */,
				09FCD45DA7A4A049140ABB71 /* Frameworks */,
			);
			sourceTree = "<group>";
		};
		50C5D8322110B3D700A2B21E /* Products */ = {
			isa = PBXGroup;
			children = (
				50C5D8312110B3D700A2B21E /* JSBFilesystem.framework */,
				50C5D83A2110B3D800A2B21E /* JSBFilesystem_macOSTests.xctest */,
				50C5D84E2110B3F000A2B21E /* JSBFilesystem.framework */,
				50C5D8562110B3F000A2B21E /* JSBFilesystem_iOSTests.xctest */,
				50C5D8A12110C10C00A2B21E /* JSBFilesystem_sample_app.app */,
			);
			name = Products;
			sourceTree = "<group>";
		};
		50C5D8332110B3D700A2B21E /* JSBFilesystem_macOS */ = {
			isa = PBXGroup;
			children = (
				50C5D8352110B3D700A2B21E /* Info.plist */,
			);
			path = JSBFilesystem_macOS;
			sourceTree = "<group>";
		};
		50C5D83E2110B3D800A2B21E /* JSBFilesystem_macOSTests */ = {
			isa = PBXGroup;
			children = (
				50C98CBB2134BB41008313DE /* JSBFilesystem_macOSTests-Bridging-Header.h */,
				50C5D8412110B3D800A2B21E /* Info.plist */,
			);
			path = JSBFilesystem_macOSTests;
			sourceTree = "<group>";
		};
		50C5D84F2110B3F000A2B21E /* JSBFilesystem_iOS */ = {
			isa = PBXGroup;
			children = (
				50C5D8512110B3F000A2B21E /* Info.plist */,
			);
			path = JSBFilesystem_iOS;
			sourceTree = "<group>";
		};
		50C5D85A2110B3F000A2B21E /* JSBFilesystem_iOSTests */ = {
			isa = PBXGroup;
			children = (
				50C98CBC2134BB42008313DE /* JSBFilesystem_iOSTests-Bridging-Header.h */,
				50C5D85D2110B3F000A2B21E /* Info.plist */,
			);
			path = JSBFilesystem_iOSTests;
			sourceTree = "<group>";
		};
		50C5D8652110B3F800A2B21E /* JSBFilesystem_shared */ = {
			isa = PBXGroup;
			children = (
				50C5D89A2110B85200A2B21E /* JSBFilesystem.h */,
				50C5D8692110B57200A2B21E /* JSBFSDirectory.h */,
				50C5D86F2110B57200A2B21E /* JSBFSDirectory.m */,
				50C5D86A2110B57200A2B21E /* JSBFSDirectoryChanges.h */,
				50C5D86C2110B57200A2B21E /* JSBFSDirectoryChanges.m */,
				50C5D8672110B57200A2B21E /* JSBFSFileComparison.h */,
				50C5D8742110B57300A2B21E /* JSBFSFileComparison.m */,
				50C5D86B2110B57200A2B21E /* JSBFSObservedDirectory.h */,
				50C5D86D2110B57200A2B21E /* JSBFSObservedDirectory.m */,
				50C5D8712110B57200A2B21E /* NSFileCoordinator+JSBFS.h */,
				50C5D8682110B57200A2B21E /* NSFileCoordinator+JSBFS.m */,
				50C5D86E2110B57200A2B21E /* SmallCategories.h */,
				50C5D8732110B57200A2B21E /* SmallCategories.m */,
				50FC33072133636700FA0BC6 /* SmallTypes.h */,
				50FC33082133636700FA0BC6 /* SmallTypes.m */,
				50FC330D2133726B00FA0BC6 /* NSErrors.h */,
				50FC330E2133726B00FA0BC6 /* NSErrors.m */,
			);
			path = JSBFilesystem_shared;
			sourceTree = "<group>";
		};
		50C5D8662110B49400A2B21E /* JSBFielsystem_shared_tests */ = {
			isa = PBXGroup;
			children = (
				50C5D8932110B59D00A2B21E /* Directory_Tests.swift */,
				50C5D8922110B59D00A2B21E /* DirectoryObserver_Tests.swift */,
				50C5D8912110B59D00A2B21E /* NSFileCoordinator+Easy_Tests.swift */,
				50C98CB82134BADD008313DE /* NSFileCoordinator_tests */,
				50AD03FD2112218F00C0C88D /* FileWrapperTestImage.png */,
			);
			path = JSBFielsystem_shared_tests;
			sourceTree = "<group>";
		};
		50C5D8A22110C10C00A2B21E /* JSBFilesystem_sample_app */ = {
			isa = PBXGroup;
			children = (
				50C5D8A32110C10C00A2B21E /* AppDelegate.swift */,
				50C5D8B32110C18B00A2B21E /* ListTableViewController.swift */,
				50C5D8AA2110C10E00A2B21E /* Assets.xcassets */,
				50C5D8AC2110C10E00A2B21E /* LaunchScreen.storyboard */,
				50C5D8AF2110C10E00A2B21E /* Info.plist */,
			);
			path = JSBFilesystem_sample_app;
			sourceTree = "<group>";
		};
		50C98CB82134BADD008313DE /* NSFileCoordinator_tests */ = {
			isa = PBXGroup;
			children = (
				500A8D8D213700A80094C7B4 /* Normal_Operation_tests */,
				50C98CBA2134BAFA008313DE /* NilParameter_tests */,
				50C98CB92134BAEF008313DE /* Error_tests */,
			);
			path = NSFileCoordinator_tests;
			sourceTree = "<group>";
		};
		50C98CB92134BAEF008313DE /* Error_tests */ = {
			isa = PBXGroup;
			children = (
				506D736B2134D2DE00E83EB2 /* NSFileCoordinator_ErrorPropogation_tests.swift */,
				506CC3FC2135F8E0008A1D70 /* JSBFSDirectory_InitErrorPropogation_tests.swift */,
				506CC3FF2135FEC2008A1D70 /* JSBFSDirectory_MethodErrorPropogation_tests.swift */,
				506CC40221360299008A1D70 /* JSBFSObservedDirectory_MethodErrorPropogation_tests.swift */,
			);
			path = Error_tests;
			sourceTree = "<group>";
		};
		50C98CBA2134BAFA008313DE /* NilParameter_tests */ = {
			isa = PBXGroup;
			children = (
				50C98CBD2134BB42008313DE /* NSFileCoordinator_NilParameter_tests.m */,
				506CC3EF2135A952008A1D70 /* JSBFSDirectory_InitNilParameter_tests.m */,
				506CC3F92135BBD4008A1D70 /* JSBFSObservedDirectory_InitNilParameter_tests.m */,
				506CC3F82135BA47008A1D70 /* JSBFSDirectory_MethodNilParameter_tests.h */,
				506CC3F22135B100008A1D70 /* JSBFSDirectory_MethodNilParameter_tests.m */,
				506CC3F52135B9DE008A1D70 /* JSBFSObservedDirectory_MethodNilParameter_tests.m */,
			);
			path = NilParameter_tests;
			sourceTree = "<group>";
		};
		A30D0EFCC06D5616FC7C249E /* Pods */ = {
			isa = PBXGroup;
			children = (
				E0B31D8E22FE75B7701AFC8F /* Pods-JSBFilesystem_iOS.debug.xcconfig */,
				91ABD297086D06E71643AF61 /* Pods-JSBFilesystem_iOS.release.xcconfig */,
				65D4B3B06FB43C8E0B939B3C /* Pods-JSBFilesystem_iOSTests.debug.xcconfig */,
				38463B70BFE62FBCD17EA35A /* Pods-JSBFilesystem_iOSTests.release.xcconfig */,
				9BB3F2CB3CED1E98171A1E0F /* Pods-JSBFilesystem_macOS.debug.xcconfig */,
				1E41E0F0924344DAB0EB0EDD /* Pods-JSBFilesystem_macOS.release.xcconfig */,
				A770F4FCC1AFC60927AD9A46 /* Pods-JSBFilesystem_macOSTests.debug.xcconfig */,
				699AB61DFC6D00EE7B3E6172 /* Pods-JSBFilesystem_macOSTests.release.xcconfig */,
				D4DDE76AA408D81D840907E4 /* Pods-JSBFilesystem_sample_app.debug.xcconfig */,
				7627DF88759B53B31A275B9F /* Pods-JSBFilesystem_sample_app.release.xcconfig */,
			);
			name = Pods;
			sourceTree = "<group>";
		};
/* End PBXGroup section */

/* Begin PBXHeadersBuildPhase section */
		50C5D82E2110B3D700A2B21E /* Headers */ = {
			isa = PBXHeadersBuildPhase;
			buildActionMask = 2147483647;
			files = (
				50FC33092133636700FA0BC6 /* SmallTypes.h in Headers */,
				50C5D8832110B57300A2B21E /* SmallCategories.h in Headers */,
				50C5D8752110B57300A2B21E /* JSBFSFileComparison.h in Headers */,
				50C5D87D2110B57300A2B21E /* JSBFSObservedDirectory.h in Headers */,
				50C5D8792110B57300A2B21E /* JSBFSDirectory.h in Headers */,
				50C5D89B2110B85200A2B21E /* JSBFilesystem.h in Headers */,
				50C5D87B2110B57300A2B21E /* JSBFSDirectoryChanges.h in Headers */,
				50C5D8892110B57300A2B21E /* NSFileCoordinator+JSBFS.h in Headers */,
				50FC330F2133726B00FA0BC6 /* NSErrors.h in Headers */,
			);
			runOnlyForDeploymentPostprocessing = 0;
		};
		50C5D84B2110B3F000A2B21E /* Headers */ = {
			isa = PBXHeadersBuildPhase;
			buildActionMask = 2147483647;
			files = (
				50FC330A2133636700FA0BC6 /* SmallTypes.h in Headers */,
				50C5D8842110B57300A2B21E /* SmallCategories.h in Headers */,
				50C5D8762110B57300A2B21E /* JSBFSFileComparison.h in Headers */,
				50C5D87E2110B57300A2B21E /* JSBFSObservedDirectory.h in Headers */,
				50C5D87A2110B57300A2B21E /* JSBFSDirectory.h in Headers */,
				50C5D89C2110B85200A2B21E /* JSBFilesystem.h in Headers */,
				50C5D87C2110B57300A2B21E /* JSBFSDirectoryChanges.h in Headers */,
				50C5D88A2110B57300A2B21E /* NSFileCoordinator+JSBFS.h in Headers */,
				50FC33102133726B00FA0BC6 /* NSErrors.h in Headers */,
			);
			runOnlyForDeploymentPostprocessing = 0;
		};
/* End PBXHeadersBuildPhase section */

/* Begin PBXNativeTarget section */
		50C5D8302110B3D700A2B21E /* JSBFilesystem_macOS */ = {
			isa = PBXNativeTarget;
			buildConfigurationList = 50C5D8432110B3D800A2B21E /* Build configuration list for PBXNativeTarget "JSBFilesystem_macOS" */;
			buildPhases = (
				4F518C92730C042327F548F1 /* [CP] Check Pods Manifest.lock */,
				50C5D82C2110B3D700A2B21E /* Sources */,
				50C5D82D2110B3D700A2B21E /* Frameworks */,
				50C5D82E2110B3D700A2B21E /* Headers */,
				50C5D82F2110B3D700A2B21E /* Resources */,
			);
			buildRules = (
			);
			dependencies = (
			);
			name = JSBFilesystem_macOS;
			productName = JSBFilesystem_macOS;
			productReference = 50C5D8312110B3D700A2B21E /* JSBFilesystem.framework */;
			productType = "com.apple.product-type.framework";
		};
		50C5D8392110B3D800A2B21E /* JSBFilesystem_macOSTests */ = {
			isa = PBXNativeTarget;
			buildConfigurationList = 50C5D8462110B3D800A2B21E /* Build configuration list for PBXNativeTarget "JSBFilesystem_macOSTests" */;
			buildPhases = (
				9E15578F6EE9CA2F8416EB7C /* [CP] Check Pods Manifest.lock */,
				50C5D8362110B3D800A2B21E /* Sources */,
				50C5D8372110B3D800A2B21E /* Frameworks */,
				50C5D8382110B3D800A2B21E /* Resources */,
				EC26DDEE22A7449DFEC3728A /* [CP] Embed Pods Frameworks */,
			);
			buildRules = (
			);
			dependencies = (
				50C5D83D2110B3D800A2B21E /* PBXTargetDependency */,
			);
			name = JSBFilesystem_macOSTests;
			productName = JSBFilesystem_macOSTests;
			productReference = 50C5D83A2110B3D800A2B21E /* JSBFilesystem_macOSTests.xctest */;
			productType = "com.apple.product-type.bundle.unit-test";
		};
		50C5D84D2110B3F000A2B21E /* JSBFilesystem_iOS */ = {
			isa = PBXNativeTarget;
			buildConfigurationList = 50C5D85F2110B3F000A2B21E /* Build configuration list for PBXNativeTarget "JSBFilesystem_iOS" */;
			buildPhases = (
				652C1BE7C996F6A71801B2E0 /* [CP] Check Pods Manifest.lock */,
				50C5D8492110B3F000A2B21E /* Sources */,
				50C5D84A2110B3F000A2B21E /* Frameworks */,
				50C5D84B2110B3F000A2B21E /* Headers */,
				50C5D84C2110B3F000A2B21E /* Resources */,
			);
			buildRules = (
			);
			dependencies = (
			);
			name = JSBFilesystem_iOS;
			productName = JSBFilesystem_iOS;
			productReference = 50C5D84E2110B3F000A2B21E /* JSBFilesystem.framework */;
			productType = "com.apple.product-type.framework";
		};
		50C5D8552110B3F000A2B21E /* JSBFilesystem_iOSTests */ = {
			isa = PBXNativeTarget;
			buildConfigurationList = 50C5D8622110B3F000A2B21E /* Build configuration list for PBXNativeTarget "JSBFilesystem_iOSTests" */;
			buildPhases = (
				3FB585F90D832A7D5199AEDA /* [CP] Check Pods Manifest.lock */,
				50C5D8522110B3F000A2B21E /* Sources */,
				50C5D8532110B3F000A2B21E /* Frameworks */,
				50C5D8542110B3F000A2B21E /* Resources */,
				E806B6B1DA239C83191B0188 /* [CP] Embed Pods Frameworks */,
			);
			buildRules = (
			);
			dependencies = (
				50C5D8592110B3F000A2B21E /* PBXTargetDependency */,
			);
			name = JSBFilesystem_iOSTests;
			productName = JSBFilesystem_iOSTests;
			productReference = 50C5D8562110B3F000A2B21E /* JSBFilesystem_iOSTests.xctest */;
			productType = "com.apple.product-type.bundle.unit-test";
		};
		50C5D8A02110C10C00A2B21E /* JSBFilesystem_sample_app */ = {
			isa = PBXNativeTarget;
			buildConfigurationList = 50C5D8B22110C10E00A2B21E /* Build configuration list for PBXNativeTarget "JSBFilesystem_sample_app" */;
			buildPhases = (
				A8644BF5824AEA186037A3A7 /* [CP] Check Pods Manifest.lock */,
				50C5D89D2110C10C00A2B21E /* Sources */,
				50C5D89E2110C10C00A2B21E /* Frameworks */,
				50C5D89F2110C10C00A2B21E /* Resources */,
				50C5D8B92110C30B00A2B21E /* Embed Frameworks */,
				3B3929BBE6A11DE299A119B2 /* [CP] Embed Pods Frameworks */,
			);
			buildRules = (
			);
			dependencies = (
				50C5D8B62110C2FF00A2B21E /* PBXTargetDependency */,
			);
			name = JSBFilesystem_sample_app;
			productName = JSBFilesystem_sample_app;
			productReference = 50C5D8A12110C10C00A2B21E /* JSBFilesystem_sample_app.app */;
			productType = "com.apple.product-type.application";
		};
/* End PBXNativeTarget section */

/* Begin PBXProject section */
		50C5D8262110B3B700A2B21E /* Project object */ = {
			isa = PBXProject;
			attributes = {
				LastSwiftUpdateCheck = 0940;
				LastUpgradeCheck = 0940;
				TargetAttributes = {
					50C5D8302110B3D700A2B21E = {
						CreatedOnToolsVersion = 9.4;
						LastSwiftMigration = 1000;
					};
					50C5D8392110B3D800A2B21E = {
						CreatedOnToolsVersion = 9.4;
						LastSwiftMigration = 1000;
					};
					50C5D84D2110B3F000A2B21E = {
						CreatedOnToolsVersion = 9.4;
						LastSwiftMigration = 1000;
					};
					50C5D8552110B3F000A2B21E = {
						CreatedOnToolsVersion = 9.4;
						LastSwiftMigration = 1000;
					};
					50C5D8A02110C10C00A2B21E = {
						CreatedOnToolsVersion = 9.4;
					};
				};
			};
			buildConfigurationList = 50C5D8292110B3B700A2B21E /* Build configuration list for PBXProject "JSBFilesystem" */;
			compatibilityVersion = "Xcode 9.3";
			developmentRegion = en;
			hasScannedForEncodings = 0;
			knownRegions = (
				en,
				Base,
			);
			mainGroup = 50C5D8252110B3B700A2B21E;
			productRefGroup = 50C5D8322110B3D700A2B21E /* Products */;
			projectDirPath = "";
			projectRoot = "";
			targets = (
				50C5D8302110B3D700A2B21E /* JSBFilesystem_macOS */,
				50C5D8392110B3D800A2B21E /* JSBFilesystem_macOSTests */,
				50C5D84D2110B3F000A2B21E /* JSBFilesystem_iOS */,
				50C5D8552110B3F000A2B21E /* JSBFilesystem_iOSTests */,
				50C5D8A02110C10C00A2B21E /* JSBFilesystem_sample_app */,
			);
		};
/* End PBXProject section */

/* Begin PBXResourcesBuildPhase section */
		50C5D82F2110B3D700A2B21E /* Resources */ = {
			isa = PBXResourcesBuildPhase;
			buildActionMask = 2147483647;
			files = (
			);
			runOnlyForDeploymentPostprocessing = 0;
		};
		50C5D8382110B3D800A2B21E /* Resources */ = {
			isa = PBXResourcesBuildPhase;
			buildActionMask = 2147483647;
			files = (
				50AD03FE2112218F00C0C88D /* FileWrapperTestImage.png in Resources */,
			);
			runOnlyForDeploymentPostprocessing = 0;
		};
		50C5D84C2110B3F000A2B21E /* Resources */ = {
			isa = PBXResourcesBuildPhase;
			buildActionMask = 2147483647;
			files = (
			);
			runOnlyForDeploymentPostprocessing = 0;
		};
		50C5D8542110B3F000A2B21E /* Resources */ = {
			isa = PBXResourcesBuildPhase;
			buildActionMask = 2147483647;
			files = (
				50AD03FF2112218F00C0C88D /* FileWrapperTestImage.png in Resources */,
			);
			runOnlyForDeploymentPostprocessing = 0;
		};
		50C5D89F2110C10C00A2B21E /* Resources */ = {
			isa = PBXResourcesBuildPhase;
			buildActionMask = 2147483647;
			files = (
				50C5D8AE2110C10E00A2B21E /* LaunchScreen.storyboard in Resources */,
				50C5D8AB2110C10E00A2B21E /* Assets.xcassets in Resources */,
			);
			runOnlyForDeploymentPostprocessing = 0;
		};
/* End PBXResourcesBuildPhase section */

/* Begin PBXShellScriptBuildPhase section */
		3B3929BBE6A11DE299A119B2 /* [CP] Embed Pods Frameworks */ = {
			isa = PBXShellScriptBuildPhase;
			buildActionMask = 2147483647;
			files = (
			);
			inputPaths = (
				"${SRCROOT}/Pods/Target Support Files/Pods-JSBFilesystem_sample_app/Pods-JSBFilesystem_sample_app-frameworks.sh",
				"${BUILT_PRODUCTS_DIR}/IGListKit-iOS/IGListKit.framework",
			);
			name = "[CP] Embed Pods Frameworks";
			outputPaths = (
				"${TARGET_BUILD_DIR}/${FRAMEWORKS_FOLDER_PATH}/IGListKit.framework",
			);
			runOnlyForDeploymentPostprocessing = 0;
			shellPath = /bin/sh;
			shellScript = "\"${SRCROOT}/Pods/Target Support Files/Pods-JSBFilesystem_sample_app/Pods-JSBFilesystem_sample_app-frameworks.sh\"\n";
			showEnvVarsInLog = 0;
		};
		3FB585F90D832A7D5199AEDA /* [CP] Check Pods Manifest.lock */ = {
			isa = PBXShellScriptBuildPhase;
			buildActionMask = 2147483647;
			files = (
			);
			inputPaths = (
				"${PODS_PODFILE_DIR_PATH}/Podfile.lock",
				"${PODS_ROOT}/Manifest.lock",
			);
			name = "[CP] Check Pods Manifest.lock";
			outputPaths = (
				"$(DERIVED_FILE_DIR)/Pods-JSBFilesystem_iOSTests-checkManifestLockResult.txt",
			);
			runOnlyForDeploymentPostprocessing = 0;
			shellPath = /bin/sh;
			shellScript = "diff \"${PODS_PODFILE_DIR_PATH}/Podfile.lock\" \"${PODS_ROOT}/Manifest.lock\" > /dev/null\nif [ $? != 0 ] ; then\n    # print error to STDERR\n    echo \"error: The sandbox is not in sync with the Podfile.lock. Run 'pod install' or update your CocoaPods installation.\" >&2\n    exit 1\nfi\n# This output is used by Xcode 'outputs' to avoid re-running this script phase.\necho \"SUCCESS\" > \"${SCRIPT_OUTPUT_FILE_0}\"\n";
			showEnvVarsInLog = 0;
		};
		4F518C92730C042327F548F1 /* [CP] Check Pods Manifest.lock */ = {
			isa = PBXShellScriptBuildPhase;
			buildActionMask = 2147483647;
			files = (
			);
			inputPaths = (
				"${PODS_PODFILE_DIR_PATH}/Podfile.lock",
				"${PODS_ROOT}/Manifest.lock",
			);
			name = "[CP] Check Pods Manifest.lock";
			outputPaths = (
				"$(DERIVED_FILE_DIR)/Pods-JSBFilesystem_macOS-checkManifestLockResult.txt",
			);
			runOnlyForDeploymentPostprocessing = 0;
			shellPath = /bin/sh;
			shellScript = "diff \"${PODS_PODFILE_DIR_PATH}/Podfile.lock\" \"${PODS_ROOT}/Manifest.lock\" > /dev/null\nif [ $? != 0 ] ; then\n    # print error to STDERR\n    echo \"error: The sandbox is not in sync with the Podfile.lock. Run 'pod install' or update your CocoaPods installation.\" >&2\n    exit 1\nfi\n# This output is used by Xcode 'outputs' to avoid re-running this script phase.\necho \"SUCCESS\" > \"${SCRIPT_OUTPUT_FILE_0}\"\n";
			showEnvVarsInLog = 0;
		};
		652C1BE7C996F6A71801B2E0 /* [CP] Check Pods Manifest.lock */ = {
			isa = PBXShellScriptBuildPhase;
			buildActionMask = 2147483647;
			files = (
			);
			inputPaths = (
				"${PODS_PODFILE_DIR_PATH}/Podfile.lock",
				"${PODS_ROOT}/Manifest.lock",
			);
			name = "[CP] Check Pods Manifest.lock";
			outputPaths = (
				"$(DERIVED_FILE_DIR)/Pods-JSBFilesystem_iOS-checkManifestLockResult.txt",
			);
			runOnlyForDeploymentPostprocessing = 0;
			shellPath = /bin/sh;
			shellScript = "diff \"${PODS_PODFILE_DIR_PATH}/Podfile.lock\" \"${PODS_ROOT}/Manifest.lock\" > /dev/null\nif [ $? != 0 ] ; then\n    # print error to STDERR\n    echo \"error: The sandbox is not in sync with the Podfile.lock. Run 'pod install' or update your CocoaPods installation.\" >&2\n    exit 1\nfi\n# This output is used by Xcode 'outputs' to avoid re-running this script phase.\necho \"SUCCESS\" > \"${SCRIPT_OUTPUT_FILE_0}\"\n";
			showEnvVarsInLog = 0;
		};
		9E15578F6EE9CA2F8416EB7C /* [CP] Check Pods Manifest.lock */ = {
			isa = PBXShellScriptBuildPhase;
			buildActionMask = 2147483647;
			files = (
			);
			inputPaths = (
				"${PODS_PODFILE_DIR_PATH}/Podfile.lock",
				"${PODS_ROOT}/Manifest.lock",
			);
			name = "[CP] Check Pods Manifest.lock";
			outputPaths = (
				"$(DERIVED_FILE_DIR)/Pods-JSBFilesystem_macOSTests-checkManifestLockResult.txt",
			);
			runOnlyForDeploymentPostprocessing = 0;
			shellPath = /bin/sh;
			shellScript = "diff \"${PODS_PODFILE_DIR_PATH}/Podfile.lock\" \"${PODS_ROOT}/Manifest.lock\" > /dev/null\nif [ $? != 0 ] ; then\n    # print error to STDERR\n    echo \"error: The sandbox is not in sync with the Podfile.lock. Run 'pod install' or update your CocoaPods installation.\" >&2\n    exit 1\nfi\n# This output is used by Xcode 'outputs' to avoid re-running this script phase.\necho \"SUCCESS\" > \"${SCRIPT_OUTPUT_FILE_0}\"\n";
			showEnvVarsInLog = 0;
		};
		A8644BF5824AEA186037A3A7 /* [CP] Check Pods Manifest.lock */ = {
			isa = PBXShellScriptBuildPhase;
			buildActionMask = 2147483647;
			files = (
			);
			inputPaths = (
				"${PODS_PODFILE_DIR_PATH}/Podfile.lock",
				"${PODS_ROOT}/Manifest.lock",
			);
			name = "[CP] Check Pods Manifest.lock";
			outputPaths = (
				"$(DERIVED_FILE_DIR)/Pods-JSBFilesystem_sample_app-checkManifestLockResult.txt",
			);
			runOnlyForDeploymentPostprocessing = 0;
			shellPath = /bin/sh;
			shellScript = "diff \"${PODS_PODFILE_DIR_PATH}/Podfile.lock\" \"${PODS_ROOT}/Manifest.lock\" > /dev/null\nif [ $? != 0 ] ; then\n    # print error to STDERR\n    echo \"error: The sandbox is not in sync with the Podfile.lock. Run 'pod install' or update your CocoaPods installation.\" >&2\n    exit 1\nfi\n# This output is used by Xcode 'outputs' to avoid re-running this script phase.\necho \"SUCCESS\" > \"${SCRIPT_OUTPUT_FILE_0}\"\n";
			showEnvVarsInLog = 0;
		};
		E806B6B1DA239C83191B0188 /* [CP] Embed Pods Frameworks */ = {
			isa = PBXShellScriptBuildPhase;
			buildActionMask = 2147483647;
			files = (
			);
			inputPaths = (
				"${SRCROOT}/Pods/Target Support Files/Pods-JSBFilesystem_iOSTests/Pods-JSBFilesystem_iOSTests-frameworks.sh",
				"${BUILT_PRODUCTS_DIR}/IGListKit-iOS/IGListKit.framework",
			);
			name = "[CP] Embed Pods Frameworks";
			outputPaths = (
				"${TARGET_BUILD_DIR}/${FRAMEWORKS_FOLDER_PATH}/IGListKit.framework",
			);
			runOnlyForDeploymentPostprocessing = 0;
			shellPath = /bin/sh;
			shellScript = "\"${SRCROOT}/Pods/Target Support Files/Pods-JSBFilesystem_iOSTests/Pods-JSBFilesystem_iOSTests-frameworks.sh\"\n";
			showEnvVarsInLog = 0;
		};
		EC26DDEE22A7449DFEC3728A /* [CP] Embed Pods Frameworks */ = {
			isa = PBXShellScriptBuildPhase;
			buildActionMask = 2147483647;
			files = (
			);
			inputPaths = (
				"${SRCROOT}/Pods/Target Support Files/Pods-JSBFilesystem_macOSTests/Pods-JSBFilesystem_macOSTests-frameworks.sh",
				"${BUILT_PRODUCTS_DIR}/IGListKit-macOS/IGListKit.framework",
			);
			name = "[CP] Embed Pods Frameworks";
			outputPaths = (
				"${TARGET_BUILD_DIR}/${FRAMEWORKS_FOLDER_PATH}/IGListKit.framework",
			);
			runOnlyForDeploymentPostprocessing = 0;
			shellPath = /bin/sh;
			shellScript = "\"${SRCROOT}/Pods/Target Support Files/Pods-JSBFilesystem_macOSTests/Pods-JSBFilesystem_macOSTests-frameworks.sh\"\n";
			showEnvVarsInLog = 0;
		};
/* End PBXShellScriptBuildPhase section */

/* Begin PBXSourcesBuildPhase section */
		50C5D82C2110B3D700A2B21E /* Sources */ = {
			isa = PBXSourcesBuildPhase;
			buildActionMask = 2147483647;
			files = (
				50C5D8852110B57300A2B21E /* JSBFSDirectory.m in Sources */,
				50C5D87F2110B57300A2B21E /* JSBFSDirectoryChanges.m in Sources */,
				50C5D8812110B57300A2B21E /* JSBFSObservedDirectory.m in Sources */,
				50FC33112133726B00FA0BC6 /* NSErrors.m in Sources */,
				50C5D88D2110B57300A2B21E /* SmallCategories.m in Sources */,
				50C5D88F2110B57300A2B21E /* JSBFSFileComparison.m in Sources */,
				50C5D8772110B57300A2B21E /* NSFileCoordinator+JSBFS.m in Sources */,
				50FC330B2133636700FA0BC6 /* SmallTypes.m in Sources */,
			);
			runOnlyForDeploymentPostprocessing = 0;
		};
		50C5D8362110B3D800A2B21E /* Sources */ = {
			isa = PBXSourcesBuildPhase;
			buildActionMask = 2147483647;
			files = (
				506CC3F02135A952008A1D70 /* JSBFSDirectory_InitNilParameter_tests.m in Sources */,
				506CC40321360299008A1D70 /* JSBFSObservedDirectory_MethodErrorPropogation_tests.swift in Sources */,
				506CC3F62135B9DE008A1D70 /* JSBFSObservedDirectory_MethodNilParameter_tests.m in Sources */,
				506CC3FD2135F8E0008A1D70 /* JSBFSDirectory_InitErrorPropogation_tests.swift in Sources */,
				500A8D8F213700F90094C7B4 /* NSFileCoordinator_CreateMethod_NormOp_tests.swift in Sources */,
				500A8D9221374F140094C7B4 /* NSFileCoordinator_ReadMethod_NormOp_tests.swift in Sources */,
				506D736E2134D30000E83EB2 /* NSFileCoordinator_ErrorPropogation_tests.swift in Sources */,
				50C5D8962110B5A100A2B21E /* NSFileCoordinator+Easy_Tests.swift in Sources */,
				50C5D8942110B5A100A2B21E /* Directory_Tests.swift in Sources */,
				506CC3F32135B100008A1D70 /* JSBFSDirectory_MethodNilParameter_tests.m in Sources */,
				506CC4002135FEC2008A1D70 /* JSBFSDirectory_MethodErrorPropogation_tests.swift in Sources */,
				50C5D8952110B5A100A2B21E /* DirectoryObserver_Tests.swift in Sources */,
				500A8D95213759940094C7B4 /* NSFileCoordinator_ContentSort_NormOp_tests.swift in Sources */,
				500A8D9B21376D730094C7B4 /* NSFileCoordinator_ContentFilter_NormOp_tests.swift in Sources */,
				50C98CBE2134BB42008313DE /* NSFileCoordinator_NilParameter_tests.m in Sources */,
				500A8D9821376A370094C7B4 /* NSFileCoordinator_ComparableContentSort_NormOp_tests.swift in Sources */,
				506CC3FA2135BBD4008A1D70 /* JSBFSObservedDirectory_InitNilParameter_tests.m in Sources */,
			);
			runOnlyForDeploymentPostprocessing = 0;
		};
		50C5D8492110B3F000A2B21E /* Sources */ = {
			isa = PBXSourcesBuildPhase;
			buildActionMask = 2147483647;
			files = (
				50C5D8862110B57300A2B21E /* JSBFSDirectory.m in Sources */,
				50C5D8802110B57300A2B21E /* JSBFSDirectoryChanges.m in Sources */,
				50C5D8822110B57300A2B21E /* JSBFSObservedDirectory.m in Sources */,
				50FC33122133726B00FA0BC6 /* NSErrors.m in Sources */,
				50C5D88E2110B57300A2B21E /* SmallCategories.m in Sources */,
				50C5D8902110B57300A2B21E /* JSBFSFileComparison.m in Sources */,
				50C5D8782110B57300A2B21E /* NSFileCoordinator+JSBFS.m in Sources */,
				50FC330C2133636700FA0BC6 /* SmallTypes.m in Sources */,
			);
			runOnlyForDeploymentPostprocessing = 0;
		};
		50C5D8522110B3F000A2B21E /* Sources */ = {
			isa = PBXSourcesBuildPhase;
			buildActionMask = 2147483647;
			files = (
				506CC3F12135A952008A1D70 /* JSBFSDirectory_InitNilParameter_tests.m in Sources */,
				506CC40421360299008A1D70 /* JSBFSObservedDirectory_MethodErrorPropogation_tests.swift in Sources */,
				506CC3F72135B9DE008A1D70 /* JSBFSObservedDirectory_MethodNilParameter_tests.m in Sources */,
				506CC3FE2135F8E0008A1D70 /* JSBFSDirectory_InitErrorPropogation_tests.swift in Sources */,
				500A8D90213700F90094C7B4 /* NSFileCoordinator_CreateMethod_NormOp_tests.swift in Sources */,
				500A8D9321374F140094C7B4 /* NSFileCoordinator_ReadMethod_NormOp_tests.swift in Sources */,
				506D736F2134D30100E83EB2 /* NSFileCoordinator_ErrorPropogation_tests.swift in Sources */,
				50C5D8992110B5A200A2B21E /* NSFileCoordinator+Easy_Tests.swift in Sources */,
				50C5D8972110B5A200A2B21E /* Directory_Tests.swift in Sources */,
				506CC3F42135B100008A1D70 /* JSBFSDirectory_MethodNilParameter_tests.m in Sources */,
				506CC4012135FEC2008A1D70 /* JSBFSDirectory_MethodErrorPropogation_tests.swift in Sources */,
				50C5D8982110B5A200A2B21E /* DirectoryObserver_Tests.swift in Sources */,
				500A8D96213759940094C7B4 /* NSFileCoordinator_ContentSort_NormOp_tests.swift in Sources */,
				500A8D9C21376D730094C7B4 /* NSFileCoordinator_ContentFilter_NormOp_tests.swift in Sources */,
				50C98CBF2134BB42008313DE /* NSFileCoordinator_NilParameter_tests.m in Sources */,
				500A8D9921376A370094C7B4 /* NSFileCoordinator_ComparableContentSort_NormOp_tests.swift in Sources */,
				506CC3FB2135BBD4008A1D70 /* JSBFSObservedDirectory_InitNilParameter_tests.m in Sources */,
			);
			runOnlyForDeploymentPostprocessing = 0;
		};
		50C5D89D2110C10C00A2B21E /* Sources */ = {
			isa = PBXSourcesBuildPhase;
			buildActionMask = 2147483647;
			files = (
				50C5D8A42110C10C00A2B21E /* AppDelegate.swift in Sources */,
				50C5D8B42110C18B00A2B21E /* ListTableViewController.swift in Sources */,
			);
			runOnlyForDeploymentPostprocessing = 0;
		};
/* End PBXSourcesBuildPhase section */

/* Begin PBXTargetDependency section */
		50C5D83D2110B3D800A2B21E /* PBXTargetDependency */ = {
			isa = PBXTargetDependency;
			target = 50C5D8302110B3D700A2B21E /* JSBFilesystem_macOS */;
			targetProxy = 50C5D83C2110B3D800A2B21E /* PBXContainerItemProxy */;
		};
		50C5D8592110B3F000A2B21E /* PBXTargetDependency */ = {
			isa = PBXTargetDependency;
			target = 50C5D84D2110B3F000A2B21E /* JSBFilesystem_iOS */;
			targetProxy = 50C5D8582110B3F000A2B21E /* PBXContainerItemProxy */;
		};
		50C5D8B62110C2FF00A2B21E /* PBXTargetDependency */ = {
			isa = PBXTargetDependency;
			target = 50C5D84D2110B3F000A2B21E /* JSBFilesystem_iOS */;
			targetProxy = 50C5D8B52110C2FF00A2B21E /* PBXContainerItemProxy */;
		};
/* End PBXTargetDependency section */

/* Begin PBXVariantGroup section */
		50C5D8AC2110C10E00A2B21E /* LaunchScreen.storyboard */ = {
			isa = PBXVariantGroup;
			children = (
				50C5D8AD2110C10E00A2B21E /* Base */,
			);
			name = LaunchScreen.storyboard;
			sourceTree = "<group>";
		};
/* End PBXVariantGroup section */

/* Begin XCBuildConfiguration section */
		50C5D82A2110B3B700A2B21E /* Debug */ = {
			isa = XCBuildConfiguration;
			buildSettings = {
				CLANG_WARN_ASSIGN_ENUM = YES;
				CLANG_WARN_DEPRECATED_OBJC_IMPLEMENTATIONS = YES;
				CLANG_WARN_FLOAT_CONVERSION = YES;
				CLANG_WARN_IMPLICIT_SIGN_CONVERSION = YES;
				CLANG_WARN_OBJC_EXPLICIT_OWNERSHIP_TYPE = YES;
				CLANG_WARN_OBJC_IMPLICIT_ATOMIC_PROPERTIES = YES;
				CLANG_WARN_OBJC_INTERFACE_IVARS = YES;
				CLANG_WARN_OBJC_MISSING_PROPERTY_SYNTHESIS = YES;
				CLANG_WARN_OBJC_REPEATED_USE_OF_WEAK = YES_AGGRESSIVE;
				CLANG_WARN_SEMICOLON_BEFORE_METHOD_BODY = NO;
				CLANG_WARN_SUSPICIOUS_IMPLICIT_CONVERSION = YES;
				GCC_TREAT_IMPLICIT_FUNCTION_DECLARATIONS_AS_ERRORS = YES;
				GCC_TREAT_INCOMPATIBLE_POINTER_TYPE_WARNINGS_AS_ERRORS = YES;
				GCC_WARN_ABOUT_MISSING_FIELD_INITIALIZERS = YES;
				GCC_WARN_ABOUT_MISSING_NEWLINE = YES;
				GCC_WARN_ABOUT_MISSING_PROTOTYPES = YES;
				GCC_WARN_FOUR_CHARACTER_CONSTANTS = YES;
				GCC_WARN_INITIALIZER_NOT_FULLY_BRACKETED = YES;
				GCC_WARN_PEDANTIC = YES;
				GCC_WARN_SHADOW = YES;
				GCC_WARN_SIGN_COMPARE = YES;
				GCC_WARN_STRICT_SELECTOR_MATCH = YES;
				GCC_WARN_UNKNOWN_PRAGMAS = YES;
				GCC_WARN_UNUSED_LABEL = YES;
				GCC_WARN_UNUSED_PARAMETER = YES;
				PRODUCT_NAME = "$(TARGET_NAME:c99extidentifier)";
			};
			name = Debug;
		};
		50C5D82B2110B3B700A2B21E /* Release */ = {
			isa = XCBuildConfiguration;
			buildSettings = {
				CLANG_WARN_ASSIGN_ENUM = YES;
				CLANG_WARN_DEPRECATED_OBJC_IMPLEMENTATIONS = YES;
				CLANG_WARN_FLOAT_CONVERSION = YES;
				CLANG_WARN_IMPLICIT_SIGN_CONVERSION = YES;
				CLANG_WARN_OBJC_EXPLICIT_OWNERSHIP_TYPE = YES;
				CLANG_WARN_OBJC_IMPLICIT_ATOMIC_PROPERTIES = YES;
				CLANG_WARN_OBJC_INTERFACE_IVARS = YES;
				CLANG_WARN_OBJC_MISSING_PROPERTY_SYNTHESIS = YES;
				CLANG_WARN_OBJC_REPEATED_USE_OF_WEAK = YES_AGGRESSIVE;
				CLANG_WARN_SEMICOLON_BEFORE_METHOD_BODY = NO;
				CLANG_WARN_SUSPICIOUS_IMPLICIT_CONVERSION = YES;
				GCC_TREAT_IMPLICIT_FUNCTION_DECLARATIONS_AS_ERRORS = YES;
				GCC_TREAT_INCOMPATIBLE_POINTER_TYPE_WARNINGS_AS_ERRORS = YES;
				GCC_WARN_ABOUT_MISSING_FIELD_INITIALIZERS = YES;
				GCC_WARN_ABOUT_MISSING_NEWLINE = YES;
				GCC_WARN_ABOUT_MISSING_PROTOTYPES = YES;
				GCC_WARN_FOUR_CHARACTER_CONSTANTS = YES;
				GCC_WARN_INITIALIZER_NOT_FULLY_BRACKETED = YES;
				GCC_WARN_PEDANTIC = YES;
				GCC_WARN_SHADOW = YES;
				GCC_WARN_SIGN_COMPARE = YES;
				GCC_WARN_STRICT_SELECTOR_MATCH = YES;
				GCC_WARN_UNKNOWN_PRAGMAS = YES;
				GCC_WARN_UNUSED_LABEL = YES;
				GCC_WARN_UNUSED_PARAMETER = YES;
				PRODUCT_NAME = "$(TARGET_NAME:c99extidentifier)";
			};
			name = Release;
		};
		50C5D8442110B3D800A2B21E /* Debug */ = {
			isa = XCBuildConfiguration;
			baseConfigurationReference = 9BB3F2CB3CED1E98171A1E0F /* Pods-JSBFilesystem_macOS.debug.xcconfig */;
			buildSettings = {
				ALWAYS_SEARCH_USER_PATHS = NO;
				CLANG_ANALYZER_NONNULL = YES;
				CLANG_ANALYZER_NUMBER_OBJECT_CONVERSION = YES_AGGRESSIVE;
				CLANG_CXX_LANGUAGE_STANDARD = "gnu++14";
				CLANG_CXX_LIBRARY = "libc++";
				CLANG_ENABLE_MODULES = YES;
				CLANG_ENABLE_OBJC_ARC = YES;
				CLANG_ENABLE_OBJC_WEAK = YES;
				CLANG_WARN_BLOCK_CAPTURE_AUTORELEASING = YES;
				CLANG_WARN_BOOL_CONVERSION = YES;
				CLANG_WARN_COMMA = YES;
				CLANG_WARN_CONSTANT_CONVERSION = YES;
				CLANG_WARN_DEPRECATED_OBJC_IMPLEMENTATIONS = YES;
				CLANG_WARN_DIRECT_OBJC_ISA_USAGE = YES_ERROR;
				CLANG_WARN_DOCUMENTATION_COMMENTS = YES;
				CLANG_WARN_EMPTY_BODY = YES;
				CLANG_WARN_ENUM_CONVERSION = YES;
				CLANG_WARN_INFINITE_RECURSION = YES;
				CLANG_WARN_INT_CONVERSION = YES;
				CLANG_WARN_NON_LITERAL_NULL_CONVERSION = YES;
				CLANG_WARN_OBJC_IMPLICIT_RETAIN_SELF = YES;
				CLANG_WARN_OBJC_LITERAL_CONVERSION = YES;
				CLANG_WARN_OBJC_ROOT_CLASS = YES_ERROR;
				CLANG_WARN_RANGE_LOOP_ANALYSIS = YES;
				CLANG_WARN_STRICT_PROTOTYPES = YES;
				CLANG_WARN_SUSPICIOUS_MOVE = YES;
				CLANG_WARN_UNGUARDED_AVAILABILITY = YES_AGGRESSIVE;
				CLANG_WARN_UNREACHABLE_CODE = YES;
				CLANG_WARN__DUPLICATE_METHOD_MATCH = YES;
				CODE_SIGN_IDENTITY = "Mac Developer";
				CODE_SIGN_STYLE = Automatic;
				COMBINE_HIDPI_IMAGES = YES;
				COPY_PHASE_STRIP = NO;
				CURRENT_PROJECT_VERSION = 1;
				DEBUG_INFORMATION_FORMAT = dwarf;
				DEFINES_MODULE = YES;
				DEVELOPMENT_TEAM = V6ESYGU6CV;
				DYLIB_COMPATIBILITY_VERSION = 1;
				DYLIB_CURRENT_VERSION = 1;
				DYLIB_INSTALL_NAME_BASE = "@rpath";
				ENABLE_STRICT_OBJC_MSGSEND = YES;
				ENABLE_TESTABILITY = YES;
				FRAMEWORK_VERSION = A;
				GCC_C_LANGUAGE_STANDARD = gnu11;
				GCC_DYNAMIC_NO_PIC = NO;
				GCC_NO_COMMON_BLOCKS = YES;
				GCC_OPTIMIZATION_LEVEL = 0;
				GCC_PREPROCESSOR_DEFINITIONS = (
					"DEBUG=1",
					"$(inherited)",
				);
				GCC_WARN_64_TO_32_BIT_CONVERSION = YES;
				GCC_WARN_ABOUT_RETURN_TYPE = YES_ERROR;
				GCC_WARN_UNDECLARED_SELECTOR = YES;
				GCC_WARN_UNINITIALIZED_AUTOS = YES_AGGRESSIVE;
				GCC_WARN_UNUSED_FUNCTION = YES;
				GCC_WARN_UNUSED_VARIABLE = YES;
				INFOPLIST_FILE = JSBFilesystem_macOS/Info.plist;
				INSTALL_PATH = "$(LOCAL_LIBRARY_DIR)/Frameworks";
				LD_RUNPATH_SEARCH_PATHS = (
					"$(inherited)",
					"@executable_path/../Frameworks",
					"@loader_path/Frameworks",
				);
				MACOSX_DEPLOYMENT_TARGET = 10.12;
				MTL_ENABLE_DEBUG_INFO = YES;
				ONLY_ACTIVE_ARCH = YES;
				PRODUCT_BUNDLE_IDENTIFIER = com.saturdayapps.JSBFilesystem.macOS;
				PRODUCT_NAME = JSBFilesystem;
				SDKROOT = macosx;
				SKIP_INSTALL = YES;
				SWIFT_OPTIMIZATION_LEVEL = "-Onone";
				SWIFT_VERSION = 4.2;
				VERSIONING_SYSTEM = "apple-generic";
				VERSION_INFO_PREFIX = "";
			};
			name = Debug;
		};
		50C5D8452110B3D800A2B21E /* Release */ = {
			isa = XCBuildConfiguration;
			baseConfigurationReference = 1E41E0F0924344DAB0EB0EDD /* Pods-JSBFilesystem_macOS.release.xcconfig */;
			buildSettings = {
				ALWAYS_SEARCH_USER_PATHS = NO;
				CLANG_ANALYZER_NONNULL = YES;
				CLANG_ANALYZER_NUMBER_OBJECT_CONVERSION = YES_AGGRESSIVE;
				CLANG_CXX_LANGUAGE_STANDARD = "gnu++14";
				CLANG_CXX_LIBRARY = "libc++";
				CLANG_ENABLE_MODULES = YES;
				CLANG_ENABLE_OBJC_ARC = YES;
				CLANG_ENABLE_OBJC_WEAK = YES;
				CLANG_WARN_BLOCK_CAPTURE_AUTORELEASING = YES;
				CLANG_WARN_BOOL_CONVERSION = YES;
				CLANG_WARN_COMMA = YES;
				CLANG_WARN_CONSTANT_CONVERSION = YES;
				CLANG_WARN_DEPRECATED_OBJC_IMPLEMENTATIONS = YES;
				CLANG_WARN_DIRECT_OBJC_ISA_USAGE = YES_ERROR;
				CLANG_WARN_DOCUMENTATION_COMMENTS = YES;
				CLANG_WARN_EMPTY_BODY = YES;
				CLANG_WARN_ENUM_CONVERSION = YES;
				CLANG_WARN_INFINITE_RECURSION = YES;
				CLANG_WARN_INT_CONVERSION = YES;
				CLANG_WARN_NON_LITERAL_NULL_CONVERSION = YES;
				CLANG_WARN_OBJC_IMPLICIT_RETAIN_SELF = YES;
				CLANG_WARN_OBJC_LITERAL_CONVERSION = YES;
				CLANG_WARN_OBJC_ROOT_CLASS = YES_ERROR;
				CLANG_WARN_RANGE_LOOP_ANALYSIS = YES;
				CLANG_WARN_STRICT_PROTOTYPES = YES;
				CLANG_WARN_SUSPICIOUS_MOVE = YES;
				CLANG_WARN_UNGUARDED_AVAILABILITY = YES_AGGRESSIVE;
				CLANG_WARN_UNREACHABLE_CODE = YES;
				CLANG_WARN__DUPLICATE_METHOD_MATCH = YES;
				CODE_SIGN_IDENTITY = "Mac Developer";
				CODE_SIGN_STYLE = Automatic;
				COMBINE_HIDPI_IMAGES = YES;
				COPY_PHASE_STRIP = NO;
				CURRENT_PROJECT_VERSION = 1;
				DEBUG_INFORMATION_FORMAT = "dwarf-with-dsym";
				DEFINES_MODULE = YES;
				DEVELOPMENT_TEAM = V6ESYGU6CV;
				DYLIB_COMPATIBILITY_VERSION = 1;
				DYLIB_CURRENT_VERSION = 1;
				DYLIB_INSTALL_NAME_BASE = "@rpath";
				ENABLE_NS_ASSERTIONS = NO;
				ENABLE_STRICT_OBJC_MSGSEND = YES;
				FRAMEWORK_VERSION = A;
				GCC_C_LANGUAGE_STANDARD = gnu11;
				GCC_NO_COMMON_BLOCKS = YES;
				GCC_WARN_64_TO_32_BIT_CONVERSION = YES;
				GCC_WARN_ABOUT_RETURN_TYPE = YES_ERROR;
				GCC_WARN_UNDECLARED_SELECTOR = YES;
				GCC_WARN_UNINITIALIZED_AUTOS = YES_AGGRESSIVE;
				GCC_WARN_UNUSED_FUNCTION = YES;
				GCC_WARN_UNUSED_VARIABLE = YES;
				INFOPLIST_FILE = JSBFilesystem_macOS/Info.plist;
				INSTALL_PATH = "$(LOCAL_LIBRARY_DIR)/Frameworks";
				LD_RUNPATH_SEARCH_PATHS = (
					"$(inherited)",
					"@executable_path/../Frameworks",
					"@loader_path/Frameworks",
				);
				MACOSX_DEPLOYMENT_TARGET = 10.12;
				MTL_ENABLE_DEBUG_INFO = NO;
				PRODUCT_BUNDLE_IDENTIFIER = com.saturdayapps.JSBFilesystem.macOS;
				PRODUCT_NAME = JSBFilesystem;
				SDKROOT = macosx;
				SKIP_INSTALL = YES;
				SWIFT_VERSION = 4.2;
				VERSIONING_SYSTEM = "apple-generic";
				VERSION_INFO_PREFIX = "";
			};
			name = Release;
		};
		50C5D8472110B3D800A2B21E /* Debug */ = {
			isa = XCBuildConfiguration;
			baseConfigurationReference = A770F4FCC1AFC60927AD9A46 /* Pods-JSBFilesystem_macOSTests.debug.xcconfig */;
			buildSettings = {
				ALWAYS_SEARCH_USER_PATHS = NO;
				CLANG_ANALYZER_NONNULL = YES;
				CLANG_ANALYZER_NUMBER_OBJECT_CONVERSION = YES_AGGRESSIVE;
				CLANG_CXX_LANGUAGE_STANDARD = "gnu++14";
				CLANG_CXX_LIBRARY = "libc++";
				CLANG_ENABLE_MODULES = YES;
				CLANG_ENABLE_OBJC_ARC = YES;
				CLANG_ENABLE_OBJC_WEAK = YES;
				CLANG_WARN_BLOCK_CAPTURE_AUTORELEASING = YES;
				CLANG_WARN_BOOL_CONVERSION = YES;
				CLANG_WARN_COMMA = YES;
				CLANG_WARN_CONSTANT_CONVERSION = YES;
				CLANG_WARN_DEPRECATED_OBJC_IMPLEMENTATIONS = YES;
				CLANG_WARN_DIRECT_OBJC_ISA_USAGE = YES_ERROR;
				CLANG_WARN_DOCUMENTATION_COMMENTS = YES;
				CLANG_WARN_EMPTY_BODY = YES;
				CLANG_WARN_ENUM_CONVERSION = YES;
				CLANG_WARN_INFINITE_RECURSION = YES;
				CLANG_WARN_INT_CONVERSION = YES;
				CLANG_WARN_NON_LITERAL_NULL_CONVERSION = YES;
				CLANG_WARN_OBJC_IMPLICIT_RETAIN_SELF = YES;
				CLANG_WARN_OBJC_LITERAL_CONVERSION = YES;
				CLANG_WARN_OBJC_ROOT_CLASS = YES_ERROR;
				CLANG_WARN_RANGE_LOOP_ANALYSIS = YES;
				CLANG_WARN_STRICT_PROTOTYPES = YES;
				CLANG_WARN_SUSPICIOUS_MOVE = YES;
				CLANG_WARN_UNGUARDED_AVAILABILITY = YES_AGGRESSIVE;
				CLANG_WARN_UNREACHABLE_CODE = YES;
				CLANG_WARN__DUPLICATE_METHOD_MATCH = YES;
				CODE_SIGN_IDENTITY = "Mac Developer";
				CODE_SIGN_STYLE = Automatic;
				COMBINE_HIDPI_IMAGES = YES;
				COPY_PHASE_STRIP = NO;
				DEBUG_INFORMATION_FORMAT = dwarf;
				DEVELOPMENT_TEAM = V6ESYGU6CV;
				ENABLE_STRICT_OBJC_MSGSEND = YES;
				ENABLE_TESTABILITY = YES;
				GCC_C_LANGUAGE_STANDARD = gnu11;
				GCC_DYNAMIC_NO_PIC = NO;
				GCC_NO_COMMON_BLOCKS = YES;
				GCC_OPTIMIZATION_LEVEL = 0;
				GCC_PREPROCESSOR_DEFINITIONS = (
					"DEBUG=1",
					"$(inherited)",
				);
				GCC_WARN_64_TO_32_BIT_CONVERSION = YES;
				GCC_WARN_ABOUT_RETURN_TYPE = YES_ERROR;
				GCC_WARN_UNDECLARED_SELECTOR = YES;
				GCC_WARN_UNINITIALIZED_AUTOS = YES_AGGRESSIVE;
				GCC_WARN_UNUSED_FUNCTION = YES;
				GCC_WARN_UNUSED_VARIABLE = YES;
				INFOPLIST_FILE = JSBFilesystem_macOSTests/Info.plist;
				LD_RUNPATH_SEARCH_PATHS = (
					"$(inherited)",
					"@executable_path/../Frameworks",
					"@loader_path/../Frameworks",
				);
				MACOSX_DEPLOYMENT_TARGET = 10.13;
				MTL_ENABLE_DEBUG_INFO = YES;
				ONLY_ACTIVE_ARCH = YES;
				PRODUCT_BUNDLE_IDENTIFIER = "com.saturdayapps.JSBFilesystem-macOSTests";
				PRODUCT_NAME = "$(TARGET_NAME)";
				SDKROOT = macosx;
				SWIFT_OBJC_BRIDGING_HEADER = "JSBFilesystem_macOSTests/JSBFilesystem_macOSTests-Bridging-Header.h";
				SWIFT_OPTIMIZATION_LEVEL = "-Onone";
				SWIFT_VERSION = 4.0;
			};
			name = Debug;
		};
		50C5D8482110B3D800A2B21E /* Release */ = {
			isa = XCBuildConfiguration;
			baseConfigurationReference = 699AB61DFC6D00EE7B3E6172 /* Pods-JSBFilesystem_macOSTests.release.xcconfig */;
			buildSettings = {
				ALWAYS_SEARCH_USER_PATHS = NO;
				CLANG_ANALYZER_NONNULL = YES;
				CLANG_ANALYZER_NUMBER_OBJECT_CONVERSION = YES_AGGRESSIVE;
				CLANG_CXX_LANGUAGE_STANDARD = "gnu++14";
				CLANG_CXX_LIBRARY = "libc++";
				CLANG_ENABLE_MODULES = YES;
				CLANG_ENABLE_OBJC_ARC = YES;
				CLANG_ENABLE_OBJC_WEAK = YES;
				CLANG_WARN_BLOCK_CAPTURE_AUTORELEASING = YES;
				CLANG_WARN_BOOL_CONVERSION = YES;
				CLANG_WARN_COMMA = YES;
				CLANG_WARN_CONSTANT_CONVERSION = YES;
				CLANG_WARN_DEPRECATED_OBJC_IMPLEMENTATIONS = YES;
				CLANG_WARN_DIRECT_OBJC_ISA_USAGE = YES_ERROR;
				CLANG_WARN_DOCUMENTATION_COMMENTS = YES;
				CLANG_WARN_EMPTY_BODY = YES;
				CLANG_WARN_ENUM_CONVERSION = YES;
				CLANG_WARN_INFINITE_RECURSION = YES;
				CLANG_WARN_INT_CONVERSION = YES;
				CLANG_WARN_NON_LITERAL_NULL_CONVERSION = YES;
				CLANG_WARN_OBJC_IMPLICIT_RETAIN_SELF = YES;
				CLANG_WARN_OBJC_LITERAL_CONVERSION = YES;
				CLANG_WARN_OBJC_ROOT_CLASS = YES_ERROR;
				CLANG_WARN_RANGE_LOOP_ANALYSIS = YES;
				CLANG_WARN_STRICT_PROTOTYPES = YES;
				CLANG_WARN_SUSPICIOUS_MOVE = YES;
				CLANG_WARN_UNGUARDED_AVAILABILITY = YES_AGGRESSIVE;
				CLANG_WARN_UNREACHABLE_CODE = YES;
				CLANG_WARN__DUPLICATE_METHOD_MATCH = YES;
				CODE_SIGN_IDENTITY = "Mac Developer";
				CODE_SIGN_STYLE = Automatic;
				COMBINE_HIDPI_IMAGES = YES;
				COPY_PHASE_STRIP = NO;
				DEBUG_INFORMATION_FORMAT = "dwarf-with-dsym";
				DEVELOPMENT_TEAM = V6ESYGU6CV;
				ENABLE_NS_ASSERTIONS = NO;
				ENABLE_STRICT_OBJC_MSGSEND = YES;
				GCC_C_LANGUAGE_STANDARD = gnu11;
				GCC_NO_COMMON_BLOCKS = YES;
				GCC_WARN_64_TO_32_BIT_CONVERSION = YES;
				GCC_WARN_ABOUT_RETURN_TYPE = YES_ERROR;
				GCC_WARN_UNDECLARED_SELECTOR = YES;
				GCC_WARN_UNINITIALIZED_AUTOS = YES_AGGRESSIVE;
				GCC_WARN_UNUSED_FUNCTION = YES;
				GCC_WARN_UNUSED_VARIABLE = YES;
				INFOPLIST_FILE = JSBFilesystem_macOSTests/Info.plist;
				LD_RUNPATH_SEARCH_PATHS = (
					"$(inherited)",
					"@executable_path/../Frameworks",
					"@loader_path/../Frameworks",
				);
				MACOSX_DEPLOYMENT_TARGET = 10.13;
				MTL_ENABLE_DEBUG_INFO = NO;
				PRODUCT_BUNDLE_IDENTIFIER = "com.saturdayapps.JSBFilesystem-macOSTests";
				PRODUCT_NAME = "$(TARGET_NAME)";
				SDKROOT = macosx;
				SWIFT_OBJC_BRIDGING_HEADER = "JSBFilesystem_macOSTests/JSBFilesystem_macOSTests-Bridging-Header.h";
				SWIFT_VERSION = 4.0;
			};
			name = Release;
		};
		50C5D8602110B3F000A2B21E /* Debug */ = {
			isa = XCBuildConfiguration;
			baseConfigurationReference = E0B31D8E22FE75B7701AFC8F /* Pods-JSBFilesystem_iOS.debug.xcconfig */;
			buildSettings = {
				ALWAYS_SEARCH_USER_PATHS = NO;
				CLANG_ANALYZER_NONNULL = YES;
				CLANG_ANALYZER_NUMBER_OBJECT_CONVERSION = YES_AGGRESSIVE;
				CLANG_CXX_LANGUAGE_STANDARD = "gnu++14";
				CLANG_CXX_LIBRARY = "libc++";
				CLANG_ENABLE_MODULES = YES;
				CLANG_ENABLE_OBJC_ARC = YES;
				CLANG_ENABLE_OBJC_WEAK = YES;
				CLANG_WARN_BLOCK_CAPTURE_AUTORELEASING = YES;
				CLANG_WARN_BOOL_CONVERSION = YES;
				CLANG_WARN_COMMA = YES;
				CLANG_WARN_CONSTANT_CONVERSION = YES;
				CLANG_WARN_DEPRECATED_OBJC_IMPLEMENTATIONS = YES;
				CLANG_WARN_DIRECT_OBJC_ISA_USAGE = YES_ERROR;
				CLANG_WARN_DOCUMENTATION_COMMENTS = YES;
				CLANG_WARN_EMPTY_BODY = YES;
				CLANG_WARN_ENUM_CONVERSION = YES;
				CLANG_WARN_INFINITE_RECURSION = YES;
				CLANG_WARN_INT_CONVERSION = YES;
				CLANG_WARN_NON_LITERAL_NULL_CONVERSION = YES;
				CLANG_WARN_OBJC_IMPLICIT_RETAIN_SELF = YES;
				CLANG_WARN_OBJC_LITERAL_CONVERSION = YES;
				CLANG_WARN_OBJC_ROOT_CLASS = YES_ERROR;
				CLANG_WARN_RANGE_LOOP_ANALYSIS = YES;
				CLANG_WARN_STRICT_PROTOTYPES = YES;
				CLANG_WARN_SUSPICIOUS_MOVE = YES;
				CLANG_WARN_UNGUARDED_AVAILABILITY = YES_AGGRESSIVE;
				CLANG_WARN_UNREACHABLE_CODE = YES;
				CLANG_WARN__DUPLICATE_METHOD_MATCH = YES;
				CODE_SIGN_IDENTITY = "iPhone Developer";
				CODE_SIGN_STYLE = Automatic;
				COPY_PHASE_STRIP = NO;
				CURRENT_PROJECT_VERSION = 1;
				DEBUG_INFORMATION_FORMAT = dwarf;
				DEFINES_MODULE = YES;
				DEVELOPMENT_TEAM = V6ESYGU6CV;
				DYLIB_COMPATIBILITY_VERSION = 1;
				DYLIB_CURRENT_VERSION = 1;
				DYLIB_INSTALL_NAME_BASE = "@rpath";
				ENABLE_STRICT_OBJC_MSGSEND = YES;
				ENABLE_TESTABILITY = YES;
				GCC_C_LANGUAGE_STANDARD = gnu11;
				GCC_DYNAMIC_NO_PIC = NO;
				GCC_NO_COMMON_BLOCKS = YES;
				GCC_OPTIMIZATION_LEVEL = 0;
				GCC_PREPROCESSOR_DEFINITIONS = (
					"DEBUG=1",
					"$(inherited)",
				);
				GCC_WARN_64_TO_32_BIT_CONVERSION = YES;
				GCC_WARN_ABOUT_RETURN_TYPE = YES_ERROR;
				GCC_WARN_UNDECLARED_SELECTOR = YES;
				GCC_WARN_UNINITIALIZED_AUTOS = YES_AGGRESSIVE;
				GCC_WARN_UNUSED_FUNCTION = YES;
				GCC_WARN_UNUSED_VARIABLE = YES;
				INFOPLIST_FILE = JSBFilesystem_iOS/Info.plist;
				INSTALL_PATH = "$(LOCAL_LIBRARY_DIR)/Frameworks";
				IPHONEOS_DEPLOYMENT_TARGET = 10.0;
				LD_RUNPATH_SEARCH_PATHS = (
					"$(inherited)",
					"@executable_path/Frameworks",
					"@loader_path/Frameworks",
				);
				MTL_ENABLE_DEBUG_INFO = YES;
				ONLY_ACTIVE_ARCH = YES;
				PRODUCT_BUNDLE_IDENTIFIER = com.saturdayapps.JSBFilesystem.iOS;
				PRODUCT_NAME = JSBFilesystem;
				SDKROOT = iphoneos;
				SKIP_INSTALL = YES;
				SWIFT_OPTIMIZATION_LEVEL = "-Onone";
				SWIFT_VERSION = 4.2;
				TARGETED_DEVICE_FAMILY = "1,2";
				VERSIONING_SYSTEM = "apple-generic";
				VERSION_INFO_PREFIX = "";
			};
			name = Debug;
		};
		50C5D8612110B3F000A2B21E /* Release */ = {
			isa = XCBuildConfiguration;
			baseConfigurationReference = 91ABD297086D06E71643AF61 /* Pods-JSBFilesystem_iOS.release.xcconfig */;
			buildSettings = {
				ALWAYS_SEARCH_USER_PATHS = NO;
				CLANG_ANALYZER_NONNULL = YES;
				CLANG_ANALYZER_NUMBER_OBJECT_CONVERSION = YES_AGGRESSIVE;
				CLANG_CXX_LANGUAGE_STANDARD = "gnu++14";
				CLANG_CXX_LIBRARY = "libc++";
				CLANG_ENABLE_MODULES = YES;
				CLANG_ENABLE_OBJC_ARC = YES;
				CLANG_ENABLE_OBJC_WEAK = YES;
				CLANG_WARN_BLOCK_CAPTURE_AUTORELEASING = YES;
				CLANG_WARN_BOOL_CONVERSION = YES;
				CLANG_WARN_COMMA = YES;
				CLANG_WARN_CONSTANT_CONVERSION = YES;
				CLANG_WARN_DEPRECATED_OBJC_IMPLEMENTATIONS = YES;
				CLANG_WARN_DIRECT_OBJC_ISA_USAGE = YES_ERROR;
				CLANG_WARN_DOCUMENTATION_COMMENTS = YES;
				CLANG_WARN_EMPTY_BODY = YES;
				CLANG_WARN_ENUM_CONVERSION = YES;
				CLANG_WARN_INFINITE_RECURSION = YES;
				CLANG_WARN_INT_CONVERSION = YES;
				CLANG_WARN_NON_LITERAL_NULL_CONVERSION = YES;
				CLANG_WARN_OBJC_IMPLICIT_RETAIN_SELF = YES;
				CLANG_WARN_OBJC_LITERAL_CONVERSION = YES;
				CLANG_WARN_OBJC_ROOT_CLASS = YES_ERROR;
				CLANG_WARN_RANGE_LOOP_ANALYSIS = YES;
				CLANG_WARN_STRICT_PROTOTYPES = YES;
				CLANG_WARN_SUSPICIOUS_MOVE = YES;
				CLANG_WARN_UNGUARDED_AVAILABILITY = YES_AGGRESSIVE;
				CLANG_WARN_UNREACHABLE_CODE = YES;
				CLANG_WARN__DUPLICATE_METHOD_MATCH = YES;
				CODE_SIGN_IDENTITY = "iPhone Developer";
				CODE_SIGN_STYLE = Automatic;
				COPY_PHASE_STRIP = NO;
				CURRENT_PROJECT_VERSION = 1;
				DEBUG_INFORMATION_FORMAT = "dwarf-with-dsym";
				DEFINES_MODULE = YES;
				DEVELOPMENT_TEAM = V6ESYGU6CV;
				DYLIB_COMPATIBILITY_VERSION = 1;
				DYLIB_CURRENT_VERSION = 1;
				DYLIB_INSTALL_NAME_BASE = "@rpath";
				ENABLE_NS_ASSERTIONS = NO;
				ENABLE_STRICT_OBJC_MSGSEND = YES;
				GCC_C_LANGUAGE_STANDARD = gnu11;
				GCC_NO_COMMON_BLOCKS = YES;
				GCC_WARN_64_TO_32_BIT_CONVERSION = YES;
				GCC_WARN_ABOUT_RETURN_TYPE = YES_ERROR;
				GCC_WARN_UNDECLARED_SELECTOR = YES;
				GCC_WARN_UNINITIALIZED_AUTOS = YES_AGGRESSIVE;
				GCC_WARN_UNUSED_FUNCTION = YES;
				GCC_WARN_UNUSED_VARIABLE = YES;
				INFOPLIST_FILE = JSBFilesystem_iOS/Info.plist;
				INSTALL_PATH = "$(LOCAL_LIBRARY_DIR)/Frameworks";
				IPHONEOS_DEPLOYMENT_TARGET = 10.0;
				LD_RUNPATH_SEARCH_PATHS = (
					"$(inherited)",
					"@executable_path/Frameworks",
					"@loader_path/Frameworks",
				);
				MTL_ENABLE_DEBUG_INFO = NO;
				PRODUCT_BUNDLE_IDENTIFIER = com.saturdayapps.JSBFilesystem.iOS;
				PRODUCT_NAME = JSBFilesystem;
				SDKROOT = iphoneos;
				SKIP_INSTALL = YES;
				SWIFT_VERSION = 4.2;
				TARGETED_DEVICE_FAMILY = "1,2";
				VALIDATE_PRODUCT = YES;
				VERSIONING_SYSTEM = "apple-generic";
				VERSION_INFO_PREFIX = "";
			};
			name = Release;
		};
		50C5D8632110B3F000A2B21E /* Debug */ = {
			isa = XCBuildConfiguration;
			baseConfigurationReference = 65D4B3B06FB43C8E0B939B3C /* Pods-JSBFilesystem_iOSTests.debug.xcconfig */;
			buildSettings = {
				ALWAYS_SEARCH_USER_PATHS = NO;
				CLANG_ANALYZER_NONNULL = YES;
				CLANG_ANALYZER_NUMBER_OBJECT_CONVERSION = YES_AGGRESSIVE;
				CLANG_CXX_LANGUAGE_STANDARD = "gnu++14";
				CLANG_CXX_LIBRARY = "libc++";
				CLANG_ENABLE_MODULES = YES;
				CLANG_ENABLE_OBJC_ARC = YES;
				CLANG_ENABLE_OBJC_WEAK = YES;
				CLANG_WARN_BLOCK_CAPTURE_AUTORELEASING = YES;
				CLANG_WARN_BOOL_CONVERSION = YES;
				CLANG_WARN_COMMA = YES;
				CLANG_WARN_CONSTANT_CONVERSION = YES;
				CLANG_WARN_DEPRECATED_OBJC_IMPLEMENTATIONS = YES;
				CLANG_WARN_DIRECT_OBJC_ISA_USAGE = YES_ERROR;
				CLANG_WARN_DOCUMENTATION_COMMENTS = YES;
				CLANG_WARN_EMPTY_BODY = YES;
				CLANG_WARN_ENUM_CONVERSION = YES;
				CLANG_WARN_INFINITE_RECURSION = YES;
				CLANG_WARN_INT_CONVERSION = YES;
				CLANG_WARN_NON_LITERAL_NULL_CONVERSION = YES;
				CLANG_WARN_OBJC_IMPLICIT_RETAIN_SELF = YES;
				CLANG_WARN_OBJC_LITERAL_CONVERSION = YES;
				CLANG_WARN_OBJC_ROOT_CLASS = YES_ERROR;
				CLANG_WARN_RANGE_LOOP_ANALYSIS = YES;
				CLANG_WARN_STRICT_PROTOTYPES = YES;
				CLANG_WARN_SUSPICIOUS_MOVE = YES;
				CLANG_WARN_UNGUARDED_AVAILABILITY = YES_AGGRESSIVE;
				CLANG_WARN_UNREACHABLE_CODE = YES;
				CLANG_WARN__DUPLICATE_METHOD_MATCH = YES;
				CODE_SIGN_IDENTITY = "iPhone Developer";
				CODE_SIGN_STYLE = Automatic;
				COPY_PHASE_STRIP = NO;
				DEBUG_INFORMATION_FORMAT = dwarf;
				DEVELOPMENT_TEAM = V6ESYGU6CV;
				ENABLE_STRICT_OBJC_MSGSEND = YES;
				ENABLE_TESTABILITY = YES;
				GCC_C_LANGUAGE_STANDARD = gnu11;
				GCC_DYNAMIC_NO_PIC = NO;
				GCC_NO_COMMON_BLOCKS = YES;
				GCC_OPTIMIZATION_LEVEL = 0;
				GCC_PREPROCESSOR_DEFINITIONS = (
					"DEBUG=1",
					"$(inherited)",
				);
				GCC_WARN_64_TO_32_BIT_CONVERSION = YES;
				GCC_WARN_ABOUT_RETURN_TYPE = YES_ERROR;
				GCC_WARN_UNDECLARED_SELECTOR = YES;
				GCC_WARN_UNINITIALIZED_AUTOS = YES_AGGRESSIVE;
				GCC_WARN_UNUSED_FUNCTION = YES;
				GCC_WARN_UNUSED_VARIABLE = YES;
				INFOPLIST_FILE = JSBFilesystem_iOSTests/Info.plist;
				IPHONEOS_DEPLOYMENT_TARGET = 11.4;
				LD_RUNPATH_SEARCH_PATHS = (
					"$(inherited)",
					"@executable_path/Frameworks",
					"@loader_path/Frameworks",
				);
				MTL_ENABLE_DEBUG_INFO = YES;
				ONLY_ACTIVE_ARCH = YES;
				PRODUCT_BUNDLE_IDENTIFIER = "com.saturdayapps.JSBFilesystem-iOSTests";
				PRODUCT_NAME = "$(TARGET_NAME)";
				SDKROOT = iphoneos;
				SWIFT_OBJC_BRIDGING_HEADER = "JSBFilesystem_iOSTests/JSBFilesystem_iOSTests-Bridging-Header.h";
				SWIFT_OPTIMIZATION_LEVEL = "-Onone";
				SWIFT_VERSION = 4.0;
				TARGETED_DEVICE_FAMILY = "1,2";
			};
			name = Debug;
		};
		50C5D8642110B3F000A2B21E /* Release */ = {
			isa = XCBuildConfiguration;
			baseConfigurationReference = 38463B70BFE62FBCD17EA35A /* Pods-JSBFilesystem_iOSTests.release.xcconfig */;
			buildSettings = {
				ALWAYS_SEARCH_USER_PATHS = NO;
				CLANG_ANALYZER_NONNULL = YES;
				CLANG_ANALYZER_NUMBER_OBJECT_CONVERSION = YES_AGGRESSIVE;
				CLANG_CXX_LANGUAGE_STANDARD = "gnu++14";
				CLANG_CXX_LIBRARY = "libc++";
				CLANG_ENABLE_MODULES = YES;
				CLANG_ENABLE_OBJC_ARC = YES;
				CLANG_ENABLE_OBJC_WEAK = YES;
				CLANG_WARN_BLOCK_CAPTURE_AUTORELEASING = YES;
				CLANG_WARN_BOOL_CONVERSION = YES;
				CLANG_WARN_COMMA = YES;
				CLANG_WARN_CONSTANT_CONVERSION = YES;
				CLANG_WARN_DEPRECATED_OBJC_IMPLEMENTATIONS = YES;
				CLANG_WARN_DIRECT_OBJC_ISA_USAGE = YES_ERROR;
				CLANG_WARN_DOCUMENTATION_COMMENTS = YES;
				CLANG_WARN_EMPTY_BODY = YES;
				CLANG_WARN_ENUM_CONVERSION = YES;
				CLANG_WARN_INFINITE_RECURSION = YES;
				CLANG_WARN_INT_CONVERSION = YES;
				CLANG_WARN_NON_LITERAL_NULL_CONVERSION = YES;
				CLANG_WARN_OBJC_IMPLICIT_RETAIN_SELF = YES;
				CLANG_WARN_OBJC_LITERAL_CONVERSION = YES;
				CLANG_WARN_OBJC_ROOT_CLASS = YES_ERROR;
				CLANG_WARN_RANGE_LOOP_ANALYSIS = YES;
				CLANG_WARN_STRICT_PROTOTYPES = YES;
				CLANG_WARN_SUSPICIOUS_MOVE = YES;
				CLANG_WARN_UNGUARDED_AVAILABILITY = YES_AGGRESSIVE;
				CLANG_WARN_UNREACHABLE_CODE = YES;
				CLANG_WARN__DUPLICATE_METHOD_MATCH = YES;
				CODE_SIGN_IDENTITY = "iPhone Developer";
				CODE_SIGN_STYLE = Automatic;
				COPY_PHASE_STRIP = NO;
				DEBUG_INFORMATION_FORMAT = "dwarf-with-dsym";
				DEVELOPMENT_TEAM = V6ESYGU6CV;
				ENABLE_NS_ASSERTIONS = NO;
				ENABLE_STRICT_OBJC_MSGSEND = YES;
				GCC_C_LANGUAGE_STANDARD = gnu11;
				GCC_NO_COMMON_BLOCKS = YES;
				GCC_WARN_64_TO_32_BIT_CONVERSION = YES;
				GCC_WARN_ABOUT_RETURN_TYPE = YES_ERROR;
				GCC_WARN_UNDECLARED_SELECTOR = YES;
				GCC_WARN_UNINITIALIZED_AUTOS = YES_AGGRESSIVE;
				GCC_WARN_UNUSED_FUNCTION = YES;
				GCC_WARN_UNUSED_VARIABLE = YES;
				INFOPLIST_FILE = JSBFilesystem_iOSTests/Info.plist;
				IPHONEOS_DEPLOYMENT_TARGET = 11.4;
				LD_RUNPATH_SEARCH_PATHS = (
					"$(inherited)",
					"@executable_path/Frameworks",
					"@loader_path/Frameworks",
				);
				MTL_ENABLE_DEBUG_INFO = NO;
				PRODUCT_BUNDLE_IDENTIFIER = "com.saturdayapps.JSBFilesystem-iOSTests";
				PRODUCT_NAME = "$(TARGET_NAME)";
				SDKROOT = iphoneos;
				SWIFT_OBJC_BRIDGING_HEADER = "JSBFilesystem_iOSTests/JSBFilesystem_iOSTests-Bridging-Header.h";
				SWIFT_VERSION = 4.0;
				TARGETED_DEVICE_FAMILY = "1,2";
				VALIDATE_PRODUCT = YES;
			};
			name = Release;
		};
		50C5D8B02110C10E00A2B21E /* Debug */ = {
			isa = XCBuildConfiguration;
			baseConfigurationReference = D4DDE76AA408D81D840907E4 /* Pods-JSBFilesystem_sample_app.debug.xcconfig */;
			buildSettings = {
				ALWAYS_SEARCH_USER_PATHS = NO;
				ASSETCATALOG_COMPILER_APPICON_NAME = AppIcon;
				CLANG_ANALYZER_NONNULL = YES;
				CLANG_ANALYZER_NUMBER_OBJECT_CONVERSION = YES_AGGRESSIVE;
				CLANG_CXX_LANGUAGE_STANDARD = "gnu++14";
				CLANG_CXX_LIBRARY = "libc++";
				CLANG_ENABLE_MODULES = YES;
				CLANG_ENABLE_OBJC_ARC = YES;
				CLANG_ENABLE_OBJC_WEAK = YES;
				CLANG_WARN_BLOCK_CAPTURE_AUTORELEASING = YES;
				CLANG_WARN_BOOL_CONVERSION = YES;
				CLANG_WARN_COMMA = YES;
				CLANG_WARN_CONSTANT_CONVERSION = YES;
				CLANG_WARN_DEPRECATED_OBJC_IMPLEMENTATIONS = YES;
				CLANG_WARN_DIRECT_OBJC_ISA_USAGE = YES_ERROR;
				CLANG_WARN_DOCUMENTATION_COMMENTS = YES;
				CLANG_WARN_EMPTY_BODY = YES;
				CLANG_WARN_ENUM_CONVERSION = YES;
				CLANG_WARN_INFINITE_RECURSION = YES;
				CLANG_WARN_INT_CONVERSION = YES;
				CLANG_WARN_NON_LITERAL_NULL_CONVERSION = YES;
				CLANG_WARN_OBJC_IMPLICIT_RETAIN_SELF = YES;
				CLANG_WARN_OBJC_LITERAL_CONVERSION = YES;
				CLANG_WARN_OBJC_ROOT_CLASS = YES_ERROR;
				CLANG_WARN_RANGE_LOOP_ANALYSIS = YES;
				CLANG_WARN_STRICT_PROTOTYPES = YES;
				CLANG_WARN_SUSPICIOUS_MOVE = YES;
				CLANG_WARN_UNGUARDED_AVAILABILITY = YES_AGGRESSIVE;
				CLANG_WARN_UNREACHABLE_CODE = YES;
				CLANG_WARN__DUPLICATE_METHOD_MATCH = YES;
				CODE_SIGN_IDENTITY = "iPhone Developer";
				CODE_SIGN_STYLE = Automatic;
				COPY_PHASE_STRIP = NO;
				DEBUG_INFORMATION_FORMAT = dwarf;
				DEVELOPMENT_TEAM = V6ESYGU6CV;
				ENABLE_STRICT_OBJC_MSGSEND = YES;
				ENABLE_TESTABILITY = YES;
				GCC_C_LANGUAGE_STANDARD = gnu11;
				GCC_DYNAMIC_NO_PIC = NO;
				GCC_NO_COMMON_BLOCKS = YES;
				GCC_OPTIMIZATION_LEVEL = 0;
				GCC_PREPROCESSOR_DEFINITIONS = (
					"DEBUG=1",
					"$(inherited)",
				);
				GCC_WARN_64_TO_32_BIT_CONVERSION = YES;
				GCC_WARN_ABOUT_RETURN_TYPE = YES_ERROR;
				GCC_WARN_UNDECLARED_SELECTOR = YES;
				GCC_WARN_UNINITIALIZED_AUTOS = YES_AGGRESSIVE;
				GCC_WARN_UNUSED_FUNCTION = YES;
				GCC_WARN_UNUSED_VARIABLE = YES;
				INFOPLIST_FILE = JSBFilesystem_sample_app/Info.plist;
				IPHONEOS_DEPLOYMENT_TARGET = 11.0;
				LD_RUNPATH_SEARCH_PATHS = (
					"$(inherited)",
					"@executable_path/Frameworks",
				);
				MTL_ENABLE_DEBUG_INFO = YES;
				ONLY_ACTIVE_ARCH = YES;
				PRODUCT_BUNDLE_IDENTIFIER = com.saturdayapps.FSSample;
				PRODUCT_NAME = "$(TARGET_NAME)";
				SDKROOT = iphoneos;
				SWIFT_ACTIVE_COMPILATION_CONDITIONS = DEBUG;
				SWIFT_OPTIMIZATION_LEVEL = "-Onone";
				SWIFT_VERSION = 4.2;
				TARGETED_DEVICE_FAMILY = "1,2";
			};
			name = Debug;
		};
		50C5D8B12110C10E00A2B21E /* Release */ = {
			isa = XCBuildConfiguration;
			baseConfigurationReference = 7627DF88759B53B31A275B9F /* Pods-JSBFilesystem_sample_app.release.xcconfig */;
			buildSettings = {
				ALWAYS_SEARCH_USER_PATHS = NO;
				ASSETCATALOG_COMPILER_APPICON_NAME = AppIcon;
				CLANG_ANALYZER_NONNULL = YES;
				CLANG_ANALYZER_NUMBER_OBJECT_CONVERSION = YES_AGGRESSIVE;
				CLANG_CXX_LANGUAGE_STANDARD = "gnu++14";
				CLANG_CXX_LIBRARY = "libc++";
				CLANG_ENABLE_MODULES = YES;
				CLANG_ENABLE_OBJC_ARC = YES;
				CLANG_ENABLE_OBJC_WEAK = YES;
				CLANG_WARN_BLOCK_CAPTURE_AUTORELEASING = YES;
				CLANG_WARN_BOOL_CONVERSION = YES;
				CLANG_WARN_COMMA = YES;
				CLANG_WARN_CONSTANT_CONVERSION = YES;
				CLANG_WARN_DEPRECATED_OBJC_IMPLEMENTATIONS = YES;
				CLANG_WARN_DIRECT_OBJC_ISA_USAGE = YES_ERROR;
				CLANG_WARN_DOCUMENTATION_COMMENTS = YES;
				CLANG_WARN_EMPTY_BODY = YES;
				CLANG_WARN_ENUM_CONVERSION = YES;
				CLANG_WARN_INFINITE_RECURSION = YES;
				CLANG_WARN_INT_CONVERSION = YES;
				CLANG_WARN_NON_LITERAL_NULL_CONVERSION = YES;
				CLANG_WARN_OBJC_IMPLICIT_RETAIN_SELF = YES;
				CLANG_WARN_OBJC_LITERAL_CONVERSION = YES;
				CLANG_WARN_OBJC_ROOT_CLASS = YES_ERROR;
				CLANG_WARN_RANGE_LOOP_ANALYSIS = YES;
				CLANG_WARN_STRICT_PROTOTYPES = YES;
				CLANG_WARN_SUSPICIOUS_MOVE = YES;
				CLANG_WARN_UNGUARDED_AVAILABILITY = YES_AGGRESSIVE;
				CLANG_WARN_UNREACHABLE_CODE = YES;
				CLANG_WARN__DUPLICATE_METHOD_MATCH = YES;
				CODE_SIGN_IDENTITY = "iPhone Developer";
				CODE_SIGN_STYLE = Automatic;
				COPY_PHASE_STRIP = NO;
				DEBUG_INFORMATION_FORMAT = "dwarf-with-dsym";
				DEVELOPMENT_TEAM = V6ESYGU6CV;
				ENABLE_NS_ASSERTIONS = NO;
				ENABLE_STRICT_OBJC_MSGSEND = YES;
				GCC_C_LANGUAGE_STANDARD = gnu11;
				GCC_NO_COMMON_BLOCKS = YES;
				GCC_WARN_64_TO_32_BIT_CONVERSION = YES;
				GCC_WARN_ABOUT_RETURN_TYPE = YES_ERROR;
				GCC_WARN_UNDECLARED_SELECTOR = YES;
				GCC_WARN_UNINITIALIZED_AUTOS = YES_AGGRESSIVE;
				GCC_WARN_UNUSED_FUNCTION = YES;
				GCC_WARN_UNUSED_VARIABLE = YES;
				INFOPLIST_FILE = JSBFilesystem_sample_app/Info.plist;
				IPHONEOS_DEPLOYMENT_TARGET = 11.0;
				LD_RUNPATH_SEARCH_PATHS = (
					"$(inherited)",
					"@executable_path/Frameworks",
				);
				MTL_ENABLE_DEBUG_INFO = NO;
				PRODUCT_BUNDLE_IDENTIFIER = com.saturdayapps.FSSample;
				PRODUCT_NAME = "$(TARGET_NAME)";
				SDKROOT = iphoneos;
				SWIFT_COMPILATION_MODE = wholemodule;
				SWIFT_OPTIMIZATION_LEVEL = "-O";
				SWIFT_VERSION = 4.2;
				TARGETED_DEVICE_FAMILY = "1,2";
				VALIDATE_PRODUCT = YES;
			};
			name = Release;
		};
/* End XCBuildConfiguration section */

/* Begin XCConfigurationList section */
		50C5D8292110B3B700A2B21E /* Build configuration list for PBXProject "JSBFilesystem" */ = {
			isa = XCConfigurationList;
			buildConfigurations = (
				50C5D82A2110B3B700A2B21E /* Debug */,
				50C5D82B2110B3B700A2B21E /* Release */,
			);
			defaultConfigurationIsVisible = 0;
			defaultConfigurationName = Release;
		};
		50C5D8432110B3D800A2B21E /* Build configuration list for PBXNativeTarget "JSBFilesystem_macOS" */ = {
			isa = XCConfigurationList;
			buildConfigurations = (
				50C5D8442110B3D800A2B21E /* Debug */,
				50C5D8452110B3D800A2B21E /* Release */,
			);
			defaultConfigurationIsVisible = 0;
			defaultConfigurationName = Release;
		};
		50C5D8462110B3D800A2B21E /* Build configuration list for PBXNativeTarget "JSBFilesystem_macOSTests" */ = {
			isa = XCConfigurationList;
			buildConfigurations = (
				50C5D8472110B3D800A2B21E /* Debug */,
				50C5D8482110B3D800A2B21E /* Release */,
			);
			defaultConfigurationIsVisible = 0;
			defaultConfigurationName = Release;
		};
		50C5D85F2110B3F000A2B21E /* Build configuration list for PBXNativeTarget "JSBFilesystem_iOS" */ = {
			isa = XCConfigurationList;
			buildConfigurations = (
				50C5D8602110B3F000A2B21E /* Debug */,
				50C5D8612110B3F000A2B21E /* Release */,
			);
			defaultConfigurationIsVisible = 0;
			defaultConfigurationName = Release;
		};
		50C5D8622110B3F000A2B21E /* Build configuration list for PBXNativeTarget "JSBFilesystem_iOSTests" */ = {
			isa = XCConfigurationList;
			buildConfigurations = (
				50C5D8632110B3F000A2B21E /* Debug */,
				50C5D8642110B3F000A2B21E /* Release */,
			);
			defaultConfigurationIsVisible = 0;
			defaultConfigurationName = Release;
		};
		50C5D8B22110C10E00A2B21E /* Build configuration list for PBXNativeTarget "JSBFilesystem_sample_app" */ = {
			isa = XCConfigurationList;
			buildConfigurations = (
				50C5D8B02110C10E00A2B21E /* Debug */,
				50C5D8B12110C10E00A2B21E /* Release */,
			);
			defaultConfigurationIsVisible = 0;
			defaultConfigurationName = Release;
		};
/* End XCConfigurationList section */
	};
	rootObject = 50C5D8262110B3B700A2B21E /* Project object */;
}
